// !$*UTF8*$!
{
	archiveVersion = 1;
	classes = {
	};
	objectVersion = 50;
	objects = {

/* Begin PBXBuildFile section */
		157A74EA0165AD58AB8C42FF /* Pods_SnippetsUITests.framework in Frameworks */ = {isa = PBXBuildFile; fileRef = C6EE81207569C281144C549E /* Pods_SnippetsUITests.framework */; };
		9C2304F62D26520C38570F48 /* Pods_Snippets.framework in Frameworks */ = {isa = PBXBuildFile; fileRef = E681C89D5EFAA82527E004D9 /* Pods_Snippets.framework */; };
		9D0D2D512198854B000C3C6F /* BrowseViewController.swift in Sources */ = {isa = PBXBuildFile; fileRef = 9D0D2D502198854B000C3C6F /* BrowseViewController.swift */; };
		9D0D2D532198857D000C3C6F /* SaleViewController.swift in Sources */ = {isa = PBXBuildFile; fileRef = 9D0D2D522198857D000C3C6F /* SaleViewController.swift */; };
		9D19F2A620FFD2C700BEC738 /* LibraryViewController.swift in Sources */ = {isa = PBXBuildFile; fileRef = 9D19F2A520FFD2C700BEC738 /* LibraryViewController.swift */; };
		9D1B921E21D6A33200332A18 /* Settings2ViewController.swift in Sources */ = {isa = PBXBuildFile; fileRef = 9D1B921D21D6A33100332A18 /* Settings2ViewController.swift */; };
		9D1B921F21D6A33200332A18 /* Settings2ViewController.swift in Sources */ = {isa = PBXBuildFile; fileRef = 9D1B921D21D6A33100332A18 /* Settings2ViewController.swift */; };
		9D1B922021D6A33200332A18 /* Settings2ViewController.swift in Sources */ = {isa = PBXBuildFile; fileRef = 9D1B921D21D6A33100332A18 /* Settings2ViewController.swift */; };
		9D1B922221D7D83500332A18 /* ContacViewController.swift in Sources */ = {isa = PBXBuildFile; fileRef = 9D1B922121D7D83400332A18 /* ContacViewController.swift */; };
		9D1B922321D7D83500332A18 /* ContacViewController.swift in Sources */ = {isa = PBXBuildFile; fileRef = 9D1B922121D7D83400332A18 /* ContacViewController.swift */; };
		9D1B922421D7D83500332A18 /* ContacViewController.swift in Sources */ = {isa = PBXBuildFile; fileRef = 9D1B922121D7D83400332A18 /* ContacViewController.swift */; };
		9D1CE2F02112BF3F00639C5F /* MoreInfoViewController.swift in Sources */ = {isa = PBXBuildFile; fileRef = 9D1CE2EF2112BF3F00639C5F /* MoreInfoViewController.swift */; };
		9D1EBF0A21767EF4004A566A /* SwipeViewController.swift in Sources */ = {isa = PBXBuildFile; fileRef = 9D1EBF0921767EF4004A566A /* SwipeViewController.swift */; };
		9D2CF7A6215A672A00F9C3D5 /* SeeMoreViewController.swift in Sources */ = {isa = PBXBuildFile; fileRef = 9D2CF7A5215A672A00F9C3D5 /* SeeMoreViewController.swift */; };
		9D32CFF62189006E005B1B97 /* CompletedViewController.swift in Sources */ = {isa = PBXBuildFile; fileRef = 9D32CFF52189006D005B1B97 /* CompletedViewController.swift */; };
		9D3C9AC3217D410D0053D9AD /* CategoriesCollectionViewCell.swift in Sources */ = {isa = PBXBuildFile; fileRef = 9D3C9AC2217D410D0053D9AD /* CategoriesCollectionViewCell.swift */; };
		9D40206E2102278900E90720 /* FilterViewController.swift in Sources */ = {isa = PBXBuildFile; fileRef = 9D40206D2102278900E90720 /* FilterViewController.swift */; };
		9D4020722102375E00E90720 /* ExpandedViewController.swift in Sources */ = {isa = PBXBuildFile; fileRef = 9D4020712102375E00E90720 /* ExpandedViewController.swift */; };
		9D4020732102375E00E90720 /* ExpandedViewController.swift in Sources */ = {isa = PBXBuildFile; fileRef = 9D4020712102375E00E90720 /* ExpandedViewController.swift */; };
		9D4020742102375E00E90720 /* ExpandedViewController.swift in Sources */ = {isa = PBXBuildFile; fileRef = 9D4020712102375E00E90720 /* ExpandedViewController.swift */; };
		9D402076210241E400E90720 /* StoreKit.framework in Frameworks */ = {isa = PBXBuildFile; fileRef = 9D402075210241E400E90720 /* StoreKit.framework */; };
		9D4D43152177BA3B00DC0EB5 /* National-BoldItalic.otf in Resources */ = {isa = PBXBuildFile; fileRef = 9D4D43032177B99800DC0EB5 /* National-BoldItalic.otf */; };
		9D4D43162177BA3B00DC0EB5 /* National-BoldItalic.otf in Resources */ = {isa = PBXBuildFile; fileRef = 9D4D43032177B99800DC0EB5 /* National-BoldItalic.otf */; };
		9D4D43172177BA3B00DC0EB5 /* National-BoldItalic.otf in Resources */ = {isa = PBXBuildFile; fileRef = 9D4D43032177B99800DC0EB5 /* National-BoldItalic.otf */; };
		9D4D43182177BA3B00DC0EB5 /* National-LightItalic.otf in Resources */ = {isa = PBXBuildFile; fileRef = 9D4D43042177B9A400DC0EB5 /* National-LightItalic.otf */; };
		9D4D43192177BA3B00DC0EB5 /* National-LightItalic.otf in Resources */ = {isa = PBXBuildFile; fileRef = 9D4D43042177B9A400DC0EB5 /* National-LightItalic.otf */; };
		9D4D431A2177BA3B00DC0EB5 /* National-LightItalic.otf in Resources */ = {isa = PBXBuildFile; fileRef = 9D4D43042177B9A400DC0EB5 /* National-LightItalic.otf */; };
		9D4D431B2177BA3B00DC0EB5 /* National-Medium.otf in Resources */ = {isa = PBXBuildFile; fileRef = 9D4D43052177B9B000DC0EB5 /* National-Medium.otf */; };
		9D4D431C2177BA3B00DC0EB5 /* National-Medium.otf in Resources */ = {isa = PBXBuildFile; fileRef = 9D4D43052177B9B000DC0EB5 /* National-Medium.otf */; };
		9D4D431D2177BA3B00DC0EB5 /* National-Medium.otf in Resources */ = {isa = PBXBuildFile; fileRef = 9D4D43052177B9B000DC0EB5 /* National-Medium.otf */; };
		9D4D431E2177BA3B00DC0EB5 /* National-Book.otf in Resources */ = {isa = PBXBuildFile; fileRef = 9D4D43062177B9B700DC0EB5 /* National-Book.otf */; };
		9D4D431F2177BA3B00DC0EB5 /* National-Book.otf in Resources */ = {isa = PBXBuildFile; fileRef = 9D4D43062177B9B700DC0EB5 /* National-Book.otf */; };
		9D4D43202177BA3B00DC0EB5 /* National-Book.otf in Resources */ = {isa = PBXBuildFile; fileRef = 9D4D43062177B9B700DC0EB5 /* National-Book.otf */; };
		9D4D43212177BA3B00DC0EB5 /* National-Thin.otf in Resources */ = {isa = PBXBuildFile; fileRef = 9D4D43072177B9C400DC0EB5 /* National-Thin.otf */; };
		9D4D43222177BA3B00DC0EB5 /* National-Thin.otf in Resources */ = {isa = PBXBuildFile; fileRef = 9D4D43072177B9C400DC0EB5 /* National-Thin.otf */; };
		9D4D43232177BA3B00DC0EB5 /* National-Thin.otf in Resources */ = {isa = PBXBuildFile; fileRef = 9D4D43072177B9C400DC0EB5 /* National-Thin.otf */; };
		9D4D43242177BA3B00DC0EB5 /* National-BookItalic.otf in Resources */ = {isa = PBXBuildFile; fileRef = 9D4D43082177B9CD00DC0EB5 /* National-BookItalic.otf */; };
		9D4D43252177BA3B00DC0EB5 /* National-BookItalic.otf in Resources */ = {isa = PBXBuildFile; fileRef = 9D4D43082177B9CD00DC0EB5 /* National-BookItalic.otf */; };
		9D4D43262177BA3B00DC0EB5 /* National-BookItalic.otf in Resources */ = {isa = PBXBuildFile; fileRef = 9D4D43082177B9CD00DC0EB5 /* National-BookItalic.otf */; };
		9D4D43272177BA3B00DC0EB5 /* National-MediumItalic.otf in Resources */ = {isa = PBXBuildFile; fileRef = 9D4D43092177B9D500DC0EB5 /* National-MediumItalic.otf */; };
		9D4D43282177BA3B00DC0EB5 /* National-MediumItalic.otf in Resources */ = {isa = PBXBuildFile; fileRef = 9D4D43092177B9D500DC0EB5 /* National-MediumItalic.otf */; };
		9D4D43292177BA3B00DC0EB5 /* National-MediumItalic.otf in Resources */ = {isa = PBXBuildFile; fileRef = 9D4D43092177B9D500DC0EB5 /* National-MediumItalic.otf */; };
		9D4D432A2177BA3B00DC0EB5 /* National-Bold.otf in Resources */ = {isa = PBXBuildFile; fileRef = 9D4D430A2177B9DD00DC0EB5 /* National-Bold.otf */; };
		9D4D432B2177BA3B00DC0EB5 /* National-Bold.otf in Resources */ = {isa = PBXBuildFile; fileRef = 9D4D430A2177B9DD00DC0EB5 /* National-Bold.otf */; };
		9D4D432C2177BA3B00DC0EB5 /* National-Bold.otf in Resources */ = {isa = PBXBuildFile; fileRef = 9D4D430A2177B9DD00DC0EB5 /* National-Bold.otf */; };
		9D4D432D2177BA3B00DC0EB5 /* National-SemiboldItalic.otf in Resources */ = {isa = PBXBuildFile; fileRef = 9D4D430B2177B9E400DC0EB5 /* National-SemiboldItalic.otf */; };
		9D4D432E2177BA3B00DC0EB5 /* National-SemiboldItalic.otf in Resources */ = {isa = PBXBuildFile; fileRef = 9D4D430B2177B9E400DC0EB5 /* National-SemiboldItalic.otf */; };
		9D4D432F2177BA3B00DC0EB5 /* National-SemiboldItalic.otf in Resources */ = {isa = PBXBuildFile; fileRef = 9D4D430B2177B9E400DC0EB5 /* National-SemiboldItalic.otf */; };
		9D4D43302177BA3B00DC0EB5 /* National-ThinItalic.otf in Resources */ = {isa = PBXBuildFile; fileRef = 9D4D430C2177B9F400DC0EB5 /* National-ThinItalic.otf */; };
		9D4D43312177BA3B00DC0EB5 /* National-ThinItalic.otf in Resources */ = {isa = PBXBuildFile; fileRef = 9D4D430C2177B9F400DC0EB5 /* National-ThinItalic.otf */; };
		9D4D43322177BA3B00DC0EB5 /* National-ThinItalic.otf in Resources */ = {isa = PBXBuildFile; fileRef = 9D4D430C2177B9F400DC0EB5 /* National-ThinItalic.otf */; };
		9D4D43332177BA3B00DC0EB5 /* National-BlackItalic.otf in Resources */ = {isa = PBXBuildFile; fileRef = 9D4D430D2177B9FC00DC0EB5 /* National-BlackItalic.otf */; };
		9D4D43342177BA3B00DC0EB5 /* National-BlackItalic.otf in Resources */ = {isa = PBXBuildFile; fileRef = 9D4D430D2177B9FC00DC0EB5 /* National-BlackItalic.otf */; };
		9D4D43352177BA3B00DC0EB5 /* National-BlackItalic.otf in Resources */ = {isa = PBXBuildFile; fileRef = 9D4D430D2177B9FC00DC0EB5 /* National-BlackItalic.otf */; };
		9D4D43362177BA3B00DC0EB5 /* National-Semibold.otf in Resources */ = {isa = PBXBuildFile; fileRef = 9D4D430E2177BA0300DC0EB5 /* National-Semibold.otf */; };
		9D4D43372177BA3B00DC0EB5 /* National-Semibold.otf in Resources */ = {isa = PBXBuildFile; fileRef = 9D4D430E2177BA0300DC0EB5 /* National-Semibold.otf */; };
		9D4D43382177BA3B00DC0EB5 /* National-Semibold.otf in Resources */ = {isa = PBXBuildFile; fileRef = 9D4D430E2177BA0300DC0EB5 /* National-Semibold.otf */; };
		9D4D43392177BA3B00DC0EB5 /* National-Regular.otf in Resources */ = {isa = PBXBuildFile; fileRef = 9D4D430F2177BA0A00DC0EB5 /* National-Regular.otf */; };
		9D4D433A2177BA3B00DC0EB5 /* National-Regular.otf in Resources */ = {isa = PBXBuildFile; fileRef = 9D4D430F2177BA0A00DC0EB5 /* National-Regular.otf */; };
		9D4D433B2177BA3B00DC0EB5 /* National-Regular.otf in Resources */ = {isa = PBXBuildFile; fileRef = 9D4D430F2177BA0A00DC0EB5 /* National-Regular.otf */; };
		9D4D433C2177BA3B00DC0EB5 /* National-Black.otf in Resources */ = {isa = PBXBuildFile; fileRef = 9D4D43102177BA1100DC0EB5 /* National-Black.otf */; };
		9D4D433D2177BA3B00DC0EB5 /* National-Black.otf in Resources */ = {isa = PBXBuildFile; fileRef = 9D4D43102177BA1100DC0EB5 /* National-Black.otf */; };
		9D4D433E2177BA3B00DC0EB5 /* National-Black.otf in Resources */ = {isa = PBXBuildFile; fileRef = 9D4D43102177BA1100DC0EB5 /* National-Black.otf */; };
		9D4D433F2177BA3B00DC0EB5 /* National-RegularItalic.otf in Resources */ = {isa = PBXBuildFile; fileRef = 9D4D43112177BA1800DC0EB5 /* National-RegularItalic.otf */; };
		9D4D43402177BA3B00DC0EB5 /* National-RegularItalic.otf in Resources */ = {isa = PBXBuildFile; fileRef = 9D4D43112177BA1800DC0EB5 /* National-RegularItalic.otf */; };
		9D4D43412177BA3B00DC0EB5 /* National-RegularItalic.otf in Resources */ = {isa = PBXBuildFile; fileRef = 9D4D43112177BA1800DC0EB5 /* National-RegularItalic.otf */; };
		9D4D43422177BA3B00DC0EB5 /* National-Extrabold.otf in Resources */ = {isa = PBXBuildFile; fileRef = 9D4D43122177BA2200DC0EB5 /* National-Extrabold.otf */; };
		9D4D43432177BA3B00DC0EB5 /* National-Extrabold.otf in Resources */ = {isa = PBXBuildFile; fileRef = 9D4D43122177BA2200DC0EB5 /* National-Extrabold.otf */; };
		9D4D43442177BA3B00DC0EB5 /* National-Extrabold.otf in Resources */ = {isa = PBXBuildFile; fileRef = 9D4D43122177BA2200DC0EB5 /* National-Extrabold.otf */; };
		9D4D43452177BA3B00DC0EB5 /* National-ExtraboldItalic.otf in Resources */ = {isa = PBXBuildFile; fileRef = 9D4D43132177BA2900DC0EB5 /* National-ExtraboldItalic.otf */; };
		9D4D43462177BA3B00DC0EB5 /* National-ExtraboldItalic.otf in Resources */ = {isa = PBXBuildFile; fileRef = 9D4D43132177BA2900DC0EB5 /* National-ExtraboldItalic.otf */; };
		9D4D43472177BA3B00DC0EB5 /* National-ExtraboldItalic.otf in Resources */ = {isa = PBXBuildFile; fileRef = 9D4D43132177BA2900DC0EB5 /* National-ExtraboldItalic.otf */; };
		9D4D43482177BA3B00DC0EB5 /* National-Light.otf in Resources */ = {isa = PBXBuildFile; fileRef = 9D4D43142177BA3300DC0EB5 /* National-Light.otf */; };
		9D4D43492177BA3B00DC0EB5 /* National-Light.otf in Resources */ = {isa = PBXBuildFile; fileRef = 9D4D43142177BA3300DC0EB5 /* National-Light.otf */; };
		9D4D434A2177BA3B00DC0EB5 /* National-Light.otf in Resources */ = {isa = PBXBuildFile; fileRef = 9D4D43142177BA3300DC0EB5 /* National-Light.otf */; };
		9D54FB7A2134DE60003B8BA7 /* DemoViewController.swift in Sources */ = {isa = PBXBuildFile; fileRef = 9D54FB792134DE60003B8BA7 /* DemoViewController.swift */; };
		9D662CD021082BAB00A474A3 /* rm_albion.ttf in Resources */ = {isa = PBXBuildFile; fileRef = 9D662CCF21082BA900A474A3 /* rm_albion.ttf */; };
		9D662CD121082BAB00A474A3 /* rm_albion.ttf in Resources */ = {isa = PBXBuildFile; fileRef = 9D662CCF21082BA900A474A3 /* rm_albion.ttf */; };
		9D662CD221082BAB00A474A3 /* rm_albion.ttf in Resources */ = {isa = PBXBuildFile; fileRef = 9D662CCF21082BA900A474A3 /* rm_albion.ttf */; };
		9D714EBE20FFA0E7002CD2A3 /* AppDelegate.swift in Sources */ = {isa = PBXBuildFile; fileRef = 9D714EBD20FFA0E7002CD2A3 /* AppDelegate.swift */; };
		9D714EC520FFA0EB002CD2A3 /* Assets.xcassets in Resources */ = {isa = PBXBuildFile; fileRef = 9D714EC420FFA0EB002CD2A3 /* Assets.xcassets */; };
		9D714EC820FFA0EB002CD2A3 /* LaunchScreen.storyboard in Resources */ = {isa = PBXBuildFile; fileRef = 9D714EC620FFA0EB002CD2A3 /* LaunchScreen.storyboard */; };
		9D714ED320FFA0EB002CD2A3 /* SnippetsTests.swift in Sources */ = {isa = PBXBuildFile; fileRef = 9D714ED220FFA0EB002CD2A3 /* SnippetsTests.swift */; };
		9D714EDE20FFA0EB002CD2A3 /* SnippetsUITests.swift in Sources */ = {isa = PBXBuildFile; fileRef = 9D714EDD20FFA0EB002CD2A3 /* SnippetsUITests.swift */; };
		9D714EFF20FFA1A9002CD2A3 /* ReadTableViewCell.swift in Sources */ = {isa = PBXBuildFile; fileRef = 9D714EEB20FFA1A2002CD2A3 /* ReadTableViewCell.swift */; };
		9D714F0020FFA1A9002CD2A3 /* ReadTableViewCell.swift in Sources */ = {isa = PBXBuildFile; fileRef = 9D714EEB20FFA1A2002CD2A3 /* ReadTableViewCell.swift */; };
		9D714F0120FFA1A9002CD2A3 /* ReadTableViewCell.swift in Sources */ = {isa = PBXBuildFile; fileRef = 9D714EEB20FFA1A2002CD2A3 /* ReadTableViewCell.swift */; };
		9D714F0220FFA1A9002CD2A3 /* DiscoverBooksViewController.swift in Sources */ = {isa = PBXBuildFile; fileRef = 9D714EEC20FFA1A3002CD2A3 /* DiscoverBooksViewController.swift */; };
		9D714F0320FFA1A9002CD2A3 /* DiscoverBooksViewController.swift in Sources */ = {isa = PBXBuildFile; fileRef = 9D714EEC20FFA1A3002CD2A3 /* DiscoverBooksViewController.swift */; };
		9D714F0420FFA1A9002CD2A3 /* DiscoverBooksViewController.swift in Sources */ = {isa = PBXBuildFile; fileRef = 9D714EEC20FFA1A3002CD2A3 /* DiscoverBooksViewController.swift */; };
		9D714F0520FFA1A9002CD2A3 /* PurchaseViewController.swift in Sources */ = {isa = PBXBuildFile; fileRef = 9D714EED20FFA1A3002CD2A3 /* PurchaseViewController.swift */; };
		9D714F0620FFA1A9002CD2A3 /* PurchaseViewController.swift in Sources */ = {isa = PBXBuildFile; fileRef = 9D714EED20FFA1A3002CD2A3 /* PurchaseViewController.swift */; };
		9D714F0720FFA1A9002CD2A3 /* PurchaseViewController.swift in Sources */ = {isa = PBXBuildFile; fileRef = 9D714EED20FFA1A3002CD2A3 /* PurchaseViewController.swift */; };
		9D714F0820FFA1A9002CD2A3 /* FeedbackViewController.swift in Sources */ = {isa = PBXBuildFile; fileRef = 9D714EEE20FFA1A3002CD2A3 /* FeedbackViewController.swift */; };
		9D714F0920FFA1A9002CD2A3 /* FeedbackViewController.swift in Sources */ = {isa = PBXBuildFile; fileRef = 9D714EEE20FFA1A3002CD2A3 /* FeedbackViewController.swift */; };
		9D714F0A20FFA1A9002CD2A3 /* FeedbackViewController.swift in Sources */ = {isa = PBXBuildFile; fileRef = 9D714EEE20FFA1A3002CD2A3 /* FeedbackViewController.swift */; };
		9D714F0B20FFA1A9002CD2A3 /* ReaderViewController.swift in Sources */ = {isa = PBXBuildFile; fileRef = 9D714EEF20FFA1A4002CD2A3 /* ReaderViewController.swift */; };
		9D714F0C20FFA1A9002CD2A3 /* ReaderViewController.swift in Sources */ = {isa = PBXBuildFile; fileRef = 9D714EEF20FFA1A4002CD2A3 /* ReaderViewController.swift */; };
		9D714F0D20FFA1A9002CD2A3 /* ReaderViewController.swift in Sources */ = {isa = PBXBuildFile; fileRef = 9D714EEF20FFA1A4002CD2A3 /* ReaderViewController.swift */; };
		9D714F0E20FFA1A9002CD2A3 /* BooksCollectionViewCell.swift in Sources */ = {isa = PBXBuildFile; fileRef = 9D714EF020FFA1A4002CD2A3 /* BooksCollectionViewCell.swift */; };
		9D714F0F20FFA1A9002CD2A3 /* BooksCollectionViewCell.swift in Sources */ = {isa = PBXBuildFile; fileRef = 9D714EF020FFA1A4002CD2A3 /* BooksCollectionViewCell.swift */; };
		9D714F1020FFA1A9002CD2A3 /* BooksCollectionViewCell.swift in Sources */ = {isa = PBXBuildFile; fileRef = 9D714EF020FFA1A4002CD2A3 /* BooksCollectionViewCell.swift */; };
		9D714F1120FFA1A9002CD2A3 /* CViewController.swift in Sources */ = {isa = PBXBuildFile; fileRef = 9D714EF120FFA1A4002CD2A3 /* CViewController.swift */; };
		9D714F1220FFA1A9002CD2A3 /* CViewController.swift in Sources */ = {isa = PBXBuildFile; fileRef = 9D714EF120FFA1A4002CD2A3 /* CViewController.swift */; };
		9D714F1320FFA1A9002CD2A3 /* CViewController.swift in Sources */ = {isa = PBXBuildFile; fileRef = 9D714EF120FFA1A4002CD2A3 /* CViewController.swift */; };
		9D714F1420FFA1A9002CD2A3 /* CodeViewController.swift in Sources */ = {isa = PBXBuildFile; fileRef = 9D714EF220FFA1A5002CD2A3 /* CodeViewController.swift */; };
		9D714F1520FFA1A9002CD2A3 /* CodeViewController.swift in Sources */ = {isa = PBXBuildFile; fileRef = 9D714EF220FFA1A5002CD2A3 /* CodeViewController.swift */; };
		9D714F1620FFA1A9002CD2A3 /* CodeViewController.swift in Sources */ = {isa = PBXBuildFile; fileRef = 9D714EF220FFA1A5002CD2A3 /* CodeViewController.swift */; };
		9D714F1720FFA1A9002CD2A3 /* DViewController.swift in Sources */ = {isa = PBXBuildFile; fileRef = 9D714EF320FFA1A5002CD2A3 /* DViewController.swift */; };
		9D714F1820FFA1A9002CD2A3 /* DViewController.swift in Sources */ = {isa = PBXBuildFile; fileRef = 9D714EF320FFA1A5002CD2A3 /* DViewController.swift */; };
		9D714F1920FFA1A9002CD2A3 /* DViewController.swift in Sources */ = {isa = PBXBuildFile; fileRef = 9D714EF320FFA1A5002CD2A3 /* DViewController.swift */; };
		9D714F1A20FFA1A9002CD2A3 /* FavoritesTableViewCell.swift in Sources */ = {isa = PBXBuildFile; fileRef = 9D714EF420FFA1A5002CD2A3 /* FavoritesTableViewCell.swift */; };
		9D714F1B20FFA1A9002CD2A3 /* FavoritesTableViewCell.swift in Sources */ = {isa = PBXBuildFile; fileRef = 9D714EF420FFA1A5002CD2A3 /* FavoritesTableViewCell.swift */; };
		9D714F1C20FFA1A9002CD2A3 /* FavoritesTableViewCell.swift in Sources */ = {isa = PBXBuildFile; fileRef = 9D714EF420FFA1A5002CD2A3 /* FavoritesTableViewCell.swift */; };
		9D714F1D20FFA1A9002CD2A3 /* FavoritesViewController.swift in Sources */ = {isa = PBXBuildFile; fileRef = 9D714EF520FFA1A6002CD2A3 /* FavoritesViewController.swift */; };
		9D714F1E20FFA1A9002CD2A3 /* FavoritesViewController.swift in Sources */ = {isa = PBXBuildFile; fileRef = 9D714EF520FFA1A6002CD2A3 /* FavoritesViewController.swift */; };
		9D714F1F20FFA1A9002CD2A3 /* FavoritesViewController.swift in Sources */ = {isa = PBXBuildFile; fileRef = 9D714EF520FFA1A6002CD2A3 /* FavoritesViewController.swift */; };
		9D714F2020FFA1A9002CD2A3 /* AViewController.swift in Sources */ = {isa = PBXBuildFile; fileRef = 9D714EF620FFA1A6002CD2A3 /* AViewController.swift */; };
		9D714F2120FFA1A9002CD2A3 /* AViewController.swift in Sources */ = {isa = PBXBuildFile; fileRef = 9D714EF620FFA1A6002CD2A3 /* AViewController.swift */; };
		9D714F2220FFA1A9002CD2A3 /* AViewController.swift in Sources */ = {isa = PBXBuildFile; fileRef = 9D714EF620FFA1A6002CD2A3 /* AViewController.swift */; };
		9D714F2320FFA1A9002CD2A3 /* Main.storyboard in Resources */ = {isa = PBXBuildFile; fileRef = 9D714EF720FFA1A6002CD2A3 /* Main.storyboard */; };
		9D714F2420FFA1A9002CD2A3 /* Main.storyboard in Resources */ = {isa = PBXBuildFile; fileRef = 9D714EF720FFA1A6002CD2A3 /* Main.storyboard */; };
		9D714F2520FFA1A9002CD2A3 /* Main.storyboard in Resources */ = {isa = PBXBuildFile; fileRef = 9D714EF720FFA1A6002CD2A3 /* Main.storyboard */; };
		9D714F2920FFA1A9002CD2A3 /* BookOverviewViewController.swift in Sources */ = {isa = PBXBuildFile; fileRef = 9D714EF920FFA1A7002CD2A3 /* BookOverviewViewController.swift */; };
		9D714F2A20FFA1A9002CD2A3 /* BookOverviewViewController.swift in Sources */ = {isa = PBXBuildFile; fileRef = 9D714EF920FFA1A7002CD2A3 /* BookOverviewViewController.swift */; };
		9D714F2B20FFA1A9002CD2A3 /* BookOverviewViewController.swift in Sources */ = {isa = PBXBuildFile; fileRef = 9D714EF920FFA1A7002CD2A3 /* BookOverviewViewController.swift */; };
		9D714F2C20FFA1A9002CD2A3 /* LoginViewController.swift in Sources */ = {isa = PBXBuildFile; fileRef = 9D714EFA20FFA1A7002CD2A3 /* LoginViewController.swift */; };
		9D714F2D20FFA1A9002CD2A3 /* LoginViewController.swift in Sources */ = {isa = PBXBuildFile; fileRef = 9D714EFA20FFA1A7002CD2A3 /* LoginViewController.swift */; };
		9D714F2E20FFA1A9002CD2A3 /* LoginViewController.swift in Sources */ = {isa = PBXBuildFile; fileRef = 9D714EFA20FFA1A7002CD2A3 /* LoginViewController.swift */; };
		9D714F3220FFA1A9002CD2A3 /* BViewController.swift in Sources */ = {isa = PBXBuildFile; fileRef = 9D714EFC20FFA1A8002CD2A3 /* BViewController.swift */; };
		9D714F3320FFA1A9002CD2A3 /* BViewController.swift in Sources */ = {isa = PBXBuildFile; fileRef = 9D714EFC20FFA1A8002CD2A3 /* BViewController.swift */; };
		9D714F3420FFA1A9002CD2A3 /* BViewController.swift in Sources */ = {isa = PBXBuildFile; fileRef = 9D714EFC20FFA1A8002CD2A3 /* BViewController.swift */; };
		9D714F3520FFA1A9002CD2A3 /* SubsViewController.swift in Sources */ = {isa = PBXBuildFile; fileRef = 9D714EFD20FFA1A9002CD2A3 /* SubsViewController.swift */; };
		9D714F3620FFA1A9002CD2A3 /* SubsViewController.swift in Sources */ = {isa = PBXBuildFile; fileRef = 9D714EFD20FFA1A9002CD2A3 /* SubsViewController.swift */; };
		9D714F3720FFA1A9002CD2A3 /* SubsViewController.swift in Sources */ = {isa = PBXBuildFile; fileRef = 9D714EFD20FFA1A9002CD2A3 /* SubsViewController.swift */; };
		9D714F3820FFA1A9002CD2A3 /* A1ViewController.swift in Sources */ = {isa = PBXBuildFile; fileRef = 9D714EFE20FFA1A9002CD2A3 /* A1ViewController.swift */; };
		9D714F3920FFA1A9002CD2A3 /* A1ViewController.swift in Sources */ = {isa = PBXBuildFile; fileRef = 9D714EFE20FFA1A9002CD2A3 /* A1ViewController.swift */; };
		9D714F3A20FFA1A9002CD2A3 /* A1ViewController.swift in Sources */ = {isa = PBXBuildFile; fileRef = 9D714EFE20FFA1A9002CD2A3 /* A1ViewController.swift */; };
		9D7D492921790F1A00138802 /* GenreViewController.swift in Sources */ = {isa = PBXBuildFile; fileRef = 9D7D492821790F1A00138802 /* GenreViewController.swift */; };
		9D88EA7C21D5B20B004CDE4D /* RegisterViewController.swift in Sources */ = {isa = PBXBuildFile; fileRef = 9D88EA7B21D5B20B004CDE4D /* RegisterViewController.swift */; };
		9D88EA7D21D5B20B004CDE4D /* RegisterViewController.swift in Sources */ = {isa = PBXBuildFile; fileRef = 9D88EA7B21D5B20B004CDE4D /* RegisterViewController.swift */; };
		9D88EA7E21D5B20B004CDE4D /* RegisterViewController.swift in Sources */ = {isa = PBXBuildFile; fileRef = 9D88EA7B21D5B20B004CDE4D /* RegisterViewController.swift */; };
		9D88EA8021D5B217004CDE4D /* SignInViewController.swift in Sources */ = {isa = PBXBuildFile; fileRef = 9D88EA7F21D5B216004CDE4D /* SignInViewController.swift */; };
		9D88EA8121D5B217004CDE4D /* SignInViewController.swift in Sources */ = {isa = PBXBuildFile; fileRef = 9D88EA7F21D5B216004CDE4D /* SignInViewController.swift */; };
		9D88EA8221D5B217004CDE4D /* SignInViewController.swift in Sources */ = {isa = PBXBuildFile; fileRef = 9D88EA7F21D5B216004CDE4D /* SignInViewController.swift */; };
		9D9A829E2146D9380050F2B3 /* LibViewController.swift in Sources */ = {isa = PBXBuildFile; fileRef = 9D9A829D2146D9380050F2B3 /* LibViewController.swift */; };
		9D9A82A02146D9A90050F2B3 /* LibTableViewCell.swift in Sources */ = {isa = PBXBuildFile; fileRef = 9D9A829F2146D9A90050F2B3 /* LibTableViewCell.swift */; };
		9DA3FFE7210E794700A26F62 /* Cheltenham-Bold.otf in Resources */ = {isa = PBXBuildFile; fileRef = 9DA3FFE6210E794600A26F62 /* Cheltenham-Bold.otf */; };
		9DA3FFE8210E794700A26F62 /* Cheltenham-Bold.otf in Resources */ = {isa = PBXBuildFile; fileRef = 9DA3FFE6210E794600A26F62 /* Cheltenham-Bold.otf */; };
		9DA3FFE9210E794700A26F62 /* Cheltenham-Bold.otf in Resources */ = {isa = PBXBuildFile; fileRef = 9DA3FFE6210E794600A26F62 /* Cheltenham-Bold.otf */; };
		9DD3601A21D66AC70057FFD4 /* ReaderTableViewCell.swift in Sources */ = {isa = PBXBuildFile; fileRef = 9DD3601921D66AC70057FFD4 /* ReaderTableViewCell.swift */; };
		9DD3601B21D66AC70057FFD4 /* ReaderTableViewCell.swift in Sources */ = {isa = PBXBuildFile; fileRef = 9DD3601921D66AC70057FFD4 /* ReaderTableViewCell.swift */; };
		9DD3601C21D66AC70057FFD4 /* ReaderTableViewCell.swift in Sources */ = {isa = PBXBuildFile; fileRef = 9DD3601921D66AC70057FFD4 /* ReaderTableViewCell.swift */; };
		9DD3AC5D217BCD3900D82C13 /* LibViewController.swift in Sources */ = {isa = PBXBuildFile; fileRef = 9D9A829D2146D9380050F2B3 /* LibViewController.swift */; };
		9DD3AC5E217BCD3900D82C13 /* LibViewController.swift in Sources */ = {isa = PBXBuildFile; fileRef = 9D9A829D2146D9380050F2B3 /* LibViewController.swift */; };
		9DD3AC5F217BCD5600D82C13 /* FavViewController.swift in Sources */ = {isa = PBXBuildFile; fileRef = 9DE5864621473FD500DF4129 /* FavViewController.swift */; };
		9DD3AC60217BCD5600D82C13 /* FavViewController.swift in Sources */ = {isa = PBXBuildFile; fileRef = 9DE5864621473FD500DF4129 /* FavViewController.swift */; };
		9DD3AC61217BCD5600D82C13 /* FavTableViewCell.swift in Sources */ = {isa = PBXBuildFile; fileRef = 9DE586482147404F00DF4129 /* FavTableViewCell.swift */; };
		9DD3AC62217BCD5600D82C13 /* FavTableViewCell.swift in Sources */ = {isa = PBXBuildFile; fileRef = 9DE586482147404F00DF4129 /* FavTableViewCell.swift */; };
		9DD3AC69217CEEFA00D82C13 /* TermsTableViewCell.swift in Sources */ = {isa = PBXBuildFile; fileRef = 9DD3AC68217CEEFA00D82C13 /* TermsTableViewCell.swift */; };
		9DDA5AC121D533410021F95D /* OverviewViewController.swift in Sources */ = {isa = PBXBuildFile; fileRef = 9DDA5AC021D533410021F95D /* OverviewViewController.swift */; };
		9DE06090215A7A5900F44256 /* LibbCollectionViewCell.swift in Sources */ = {isa = PBXBuildFile; fileRef = 9DE0608F215A7A5900F44256 /* LibbCollectionViewCell.swift */; };
		9DE5864721473FD500DF4129 /* FavViewController.swift in Sources */ = {isa = PBXBuildFile; fileRef = 9DE5864621473FD500DF4129 /* FavViewController.swift */; };
		9DE586492147404F00DF4129 /* FavTableViewCell.swift in Sources */ = {isa = PBXBuildFile; fileRef = 9DE586482147404F00DF4129 /* FavTableViewCell.swift */; };
		9DE5864B21481AF500DF4129 /* MainViewController.swift in Sources */ = {isa = PBXBuildFile; fileRef = 9DE5864A21481AF500DF4129 /* MainViewController.swift */; };
		9DE98A542107F7620073AD07 /* Cheltenham Book Regular.otf in Resources */ = {isa = PBXBuildFile; fileRef = 9DE98A532107F75E0073AD07 /* Cheltenham Book Regular.otf */; };
		9DE98A552107F7620073AD07 /* Cheltenham Book Regular.otf in Resources */ = {isa = PBXBuildFile; fileRef = 9DE98A532107F75E0073AD07 /* Cheltenham Book Regular.otf */; };
		9DE98A562107F7620073AD07 /* Cheltenham Book Regular.otf in Resources */ = {isa = PBXBuildFile; fileRef = 9DE98A532107F75E0073AD07 /* Cheltenham Book Regular.otf */; };
		9DE9BF922188AE5B009A5182 /* FunnelViewController.swift in Sources */ = {isa = PBXBuildFile; fileRef = 9DE9BF912188AE5B009A5182 /* FunnelViewController.swift */; };
		9DEEE4C821776523001B5FE8 /* ScrollViewController.swift in Sources */ = {isa = PBXBuildFile; fileRef = 9DEEE4C721776523001B5FE8 /* ScrollViewController.swift */; };
		9DEEE4CC21776BCF001B5FE8 /* ScrollTableViewCell.swift in Sources */ = {isa = PBXBuildFile; fileRef = 9DEEE4CB21776BCE001B5FE8 /* ScrollTableViewCell.swift */; };
		9DEEE4CE21776DE1001B5FE8 /* Scroll2TableViewCell.swift in Sources */ = {isa = PBXBuildFile; fileRef = 9DEEE4CD21776DE1001B5FE8 /* Scroll2TableViewCell.swift */; };
		9DEFB37720FFA45000FB3B33 /* GoogleService-Info.plist in Resources */ = {isa = PBXBuildFile; fileRef = 9DEFB37620FFA45000FB3B33 /* GoogleService-Info.plist */; };
		9DFD9C782187902200BE0EBA /* NewPurchaseViewController.swift in Sources */ = {isa = PBXBuildFile; fileRef = 9DFD9C772187902200BE0EBA /* NewPurchaseViewController.swift */; };
		E778CDE60069721ACE7A31BE /* Pods_SnippetsTests.framework in Frameworks */ = {isa = PBXBuildFile; fileRef = A796B9825B532C8C1B74FF48 /* Pods_SnippetsTests.framework */; };
/* End PBXBuildFile section */

/* Begin PBXContainerItemProxy section */
		9D714ECF20FFA0EB002CD2A3 /* PBXContainerItemProxy */ = {
			isa = PBXContainerItemProxy;
			containerPortal = 9D714EB220FFA0E7002CD2A3 /* Project object */;
			proxyType = 1;
			remoteGlobalIDString = 9D714EB920FFA0E7002CD2A3;
			remoteInfo = Snippets;
		};
		9D714EDA20FFA0EB002CD2A3 /* PBXContainerItemProxy */ = {
			isa = PBXContainerItemProxy;
			containerPortal = 9D714EB220FFA0E7002CD2A3 /* Project object */;
			proxyType = 1;
			remoteGlobalIDString = 9D714EB920FFA0E7002CD2A3;
			remoteInfo = Snippets;
		};
/* End PBXContainerItemProxy section */

/* Begin PBXFileReference section */
		18D5C129020383D781359811 /* Pods-SnippetsTests.release.xcconfig */ = {isa = PBXFileReference; includeInIndex = 1; lastKnownFileType = text.xcconfig; name = "Pods-SnippetsTests.release.xcconfig"; path = "Pods/Target Support Files/Pods-SnippetsTests/Pods-SnippetsTests.release.xcconfig"; sourceTree = "<group>"; };
		3EC0ED10C94DCEF6F5337251 /* Pods-Snippets.debug.xcconfig */ = {isa = PBXFileReference; includeInIndex = 1; lastKnownFileType = text.xcconfig; name = "Pods-Snippets.debug.xcconfig"; path = "Pods/Target Support Files/Pods-Snippets/Pods-Snippets.debug.xcconfig"; sourceTree = "<group>"; };
		5B29037367A81C6A6156FE25 /* Pods-SnippetsUITests.release.xcconfig */ = {isa = PBXFileReference; includeInIndex = 1; lastKnownFileType = text.xcconfig; name = "Pods-SnippetsUITests.release.xcconfig"; path = "Pods/Target Support Files/Pods-SnippetsUITests/Pods-SnippetsUITests.release.xcconfig"; sourceTree = "<group>"; };
		7A42BC6B365D009C7E233046 /* Pods-SnippetsTests.debug.xcconfig */ = {isa = PBXFileReference; includeInIndex = 1; lastKnownFileType = text.xcconfig; name = "Pods-SnippetsTests.debug.xcconfig"; path = "Pods/Target Support Files/Pods-SnippetsTests/Pods-SnippetsTests.debug.xcconfig"; sourceTree = "<group>"; };
		9D0D2D502198854B000C3C6F /* BrowseViewController.swift */ = {isa = PBXFileReference; fileEncoding = 4; lastKnownFileType = sourcecode.swift; path = BrowseViewController.swift; sourceTree = "<group>"; };
		9D0D2D522198857D000C3C6F /* SaleViewController.swift */ = {isa = PBXFileReference; lastKnownFileType = sourcecode.swift; path = SaleViewController.swift; sourceTree = "<group>"; };
		9D19F2A520FFD2C700BEC738 /* LibraryViewController.swift */ = {isa = PBXFileReference; lastKnownFileType = sourcecode.swift; path = LibraryViewController.swift; sourceTree = "<group>"; };
		9D1B921D21D6A33100332A18 /* Settings2ViewController.swift */ = {isa = PBXFileReference; fileEncoding = 4; lastKnownFileType = sourcecode.swift; path = Settings2ViewController.swift; sourceTree = "<group>"; };
		9D1B922121D7D83400332A18 /* ContacViewController.swift */ = {isa = PBXFileReference; fileEncoding = 4; lastKnownFileType = sourcecode.swift; path = ContacViewController.swift; sourceTree = "<group>"; };
		9D1CE2EF2112BF3F00639C5F /* MoreInfoViewController.swift */ = {isa = PBXFileReference; lastKnownFileType = sourcecode.swift; path = MoreInfoViewController.swift; sourceTree = "<group>"; };
		9D1EBF0921767EF4004A566A /* SwipeViewController.swift */ = {isa = PBXFileReference; lastKnownFileType = sourcecode.swift; path = SwipeViewController.swift; sourceTree = "<group>"; };
		9D2CF7A5215A672A00F9C3D5 /* SeeMoreViewController.swift */ = {isa = PBXFileReference; lastKnownFileType = sourcecode.swift; path = SeeMoreViewController.swift; sourceTree = "<group>"; };
		9D32CFF52189006D005B1B97 /* CompletedViewController.swift */ = {isa = PBXFileReference; fileEncoding = 4; lastKnownFileType = sourcecode.swift; path = CompletedViewController.swift; sourceTree = "<group>"; };
		9D3C9AC2217D410D0053D9AD /* CategoriesCollectionViewCell.swift */ = {isa = PBXFileReference; lastKnownFileType = sourcecode.swift; path = CategoriesCollectionViewCell.swift; sourceTree = "<group>"; };
		9D40206D2102278900E90720 /* FilterViewController.swift */ = {isa = PBXFileReference; lastKnownFileType = sourcecode.swift; path = FilterViewController.swift; sourceTree = "<group>"; };
		9D4020712102375E00E90720 /* ExpandedViewController.swift */ = {isa = PBXFileReference; lastKnownFileType = sourcecode.swift; path = ExpandedViewController.swift; sourceTree = "<group>"; };
		9D402075210241E400E90720 /* StoreKit.framework */ = {isa = PBXFileReference; lastKnownFileType = wrapper.framework; name = StoreKit.framework; path = System/Library/Frameworks/StoreKit.framework; sourceTree = SDKROOT; };
		9D4D43032177B99800DC0EB5 /* National-BoldItalic.otf */ = {isa = PBXFileReference; lastKnownFileType = file; path = "National-BoldItalic.otf"; sourceTree = "<group>"; };
		9D4D43042177B9A400DC0EB5 /* National-LightItalic.otf */ = {isa = PBXFileReference; lastKnownFileType = file; path = "National-LightItalic.otf"; sourceTree = "<group>"; };
		9D4D43052177B9B000DC0EB5 /* National-Medium.otf */ = {isa = PBXFileReference; lastKnownFileType = file; path = "National-Medium.otf"; sourceTree = "<group>"; };
		9D4D43062177B9B700DC0EB5 /* National-Book.otf */ = {isa = PBXFileReference; lastKnownFileType = file; path = "National-Book.otf"; sourceTree = "<group>"; };
		9D4D43072177B9C400DC0EB5 /* National-Thin.otf */ = {isa = PBXFileReference; lastKnownFileType = file; path = "National-Thin.otf"; sourceTree = "<group>"; };
		9D4D43082177B9CD00DC0EB5 /* National-BookItalic.otf */ = {isa = PBXFileReference; lastKnownFileType = file; path = "National-BookItalic.otf"; sourceTree = "<group>"; };
		9D4D43092177B9D500DC0EB5 /* National-MediumItalic.otf */ = {isa = PBXFileReference; lastKnownFileType = file; path = "National-MediumItalic.otf"; sourceTree = "<group>"; };
		9D4D430A2177B9DD00DC0EB5 /* National-Bold.otf */ = {isa = PBXFileReference; lastKnownFileType = file; path = "National-Bold.otf"; sourceTree = "<group>"; };
		9D4D430B2177B9E400DC0EB5 /* National-SemiboldItalic.otf */ = {isa = PBXFileReference; lastKnownFileType = file; path = "National-SemiboldItalic.otf"; sourceTree = "<group>"; };
		9D4D430C2177B9F400DC0EB5 /* National-ThinItalic.otf */ = {isa = PBXFileReference; lastKnownFileType = file; path = "National-ThinItalic.otf"; sourceTree = "<group>"; };
		9D4D430D2177B9FC00DC0EB5 /* National-BlackItalic.otf */ = {isa = PBXFileReference; lastKnownFileType = file; path = "National-BlackItalic.otf"; sourceTree = "<group>"; };
		9D4D430E2177BA0300DC0EB5 /* National-Semibold.otf */ = {isa = PBXFileReference; lastKnownFileType = file; path = "National-Semibold.otf"; sourceTree = "<group>"; };
		9D4D430F2177BA0A00DC0EB5 /* National-Regular.otf */ = {isa = PBXFileReference; lastKnownFileType = file; path = "National-Regular.otf"; sourceTree = "<group>"; };
		9D4D43102177BA1100DC0EB5 /* National-Black.otf */ = {isa = PBXFileReference; lastKnownFileType = file; path = "National-Black.otf"; sourceTree = "<group>"; };
		9D4D43112177BA1800DC0EB5 /* National-RegularItalic.otf */ = {isa = PBXFileReference; lastKnownFileType = file; path = "National-RegularItalic.otf"; sourceTree = "<group>"; };
		9D4D43122177BA2200DC0EB5 /* National-Extrabold.otf */ = {isa = PBXFileReference; lastKnownFileType = file; path = "National-Extrabold.otf"; sourceTree = "<group>"; };
		9D4D43132177BA2900DC0EB5 /* National-ExtraboldItalic.otf */ = {isa = PBXFileReference; lastKnownFileType = file; path = "National-ExtraboldItalic.otf"; sourceTree = "<group>"; };
		9D4D43142177BA3300DC0EB5 /* National-Light.otf */ = {isa = PBXFileReference; lastKnownFileType = file; path = "National-Light.otf"; sourceTree = "<group>"; };
		9D54FB792134DE60003B8BA7 /* DemoViewController.swift */ = {isa = PBXFileReference; lastKnownFileType = sourcecode.swift; path = DemoViewController.swift; sourceTree = "<group>"; };
		9D662CCF21082BA900A474A3 /* rm_albion.ttf */ = {isa = PBXFileReference; lastKnownFileType = file; path = rm_albion.ttf; sourceTree = "<group>"; };
		9D714EBA20FFA0E7002CD2A3 /* Snippets.app */ = {isa = PBXFileReference; explicitFileType = wrapper.application; includeInIndex = 0; path = Snippets.app; sourceTree = BUILT_PRODUCTS_DIR; };
		9D714EBD20FFA0E7002CD2A3 /* AppDelegate.swift */ = {isa = PBXFileReference; lastKnownFileType = sourcecode.swift; path = AppDelegate.swift; sourceTree = "<group>"; };
		9D714EC420FFA0EB002CD2A3 /* Assets.xcassets */ = {isa = PBXFileReference; lastKnownFileType = folder.assetcatalog; path = Assets.xcassets; sourceTree = "<group>"; };
		9D714EC720FFA0EB002CD2A3 /* Base */ = {isa = PBXFileReference; lastKnownFileType = file.storyboard; name = Base; path = Base.lproj/LaunchScreen.storyboard; sourceTree = "<group>"; };
		9D714EC920FFA0EB002CD2A3 /* Info.plist */ = {isa = PBXFileReference; lastKnownFileType = text.plist.xml; path = Info.plist; sourceTree = "<group>"; };
		9D714ECE20FFA0EB002CD2A3 /* SnippetsTests.xctest */ = {isa = PBXFileReference; explicitFileType = wrapper.cfbundle; includeInIndex = 0; path = SnippetsTests.xctest; sourceTree = BUILT_PRODUCTS_DIR; };
		9D714ED220FFA0EB002CD2A3 /* SnippetsTests.swift */ = {isa = PBXFileReference; lastKnownFileType = sourcecode.swift; path = SnippetsTests.swift; sourceTree = "<group>"; };
		9D714ED420FFA0EB002CD2A3 /* Info.plist */ = {isa = PBXFileReference; lastKnownFileType = text.plist.xml; path = Info.plist; sourceTree = "<group>"; };
		9D714ED920FFA0EB002CD2A3 /* SnippetsUITests.xctest */ = {isa = PBXFileReference; explicitFileType = wrapper.cfbundle; includeInIndex = 0; path = SnippetsUITests.xctest; sourceTree = BUILT_PRODUCTS_DIR; };
		9D714EDD20FFA0EB002CD2A3 /* SnippetsUITests.swift */ = {isa = PBXFileReference; lastKnownFileType = sourcecode.swift; path = SnippetsUITests.swift; sourceTree = "<group>"; };
		9D714EDF20FFA0EB002CD2A3 /* Info.plist */ = {isa = PBXFileReference; lastKnownFileType = text.plist.xml; path = Info.plist; sourceTree = "<group>"; };
		9D714EEB20FFA1A2002CD2A3 /* ReadTableViewCell.swift */ = {isa = PBXFileReference; fileEncoding = 4; lastKnownFileType = sourcecode.swift; path = ReadTableViewCell.swift; sourceTree = "<group>"; };
		9D714EEC20FFA1A3002CD2A3 /* DiscoverBooksViewController.swift */ = {isa = PBXFileReference; fileEncoding = 4; lastKnownFileType = sourcecode.swift; path = DiscoverBooksViewController.swift; sourceTree = "<group>"; };
		9D714EED20FFA1A3002CD2A3 /* PurchaseViewController.swift */ = {isa = PBXFileReference; fileEncoding = 4; lastKnownFileType = sourcecode.swift; path = PurchaseViewController.swift; sourceTree = "<group>"; };
		9D714EEE20FFA1A3002CD2A3 /* FeedbackViewController.swift */ = {isa = PBXFileReference; fileEncoding = 4; lastKnownFileType = sourcecode.swift; path = FeedbackViewController.swift; sourceTree = "<group>"; };
		9D714EEF20FFA1A4002CD2A3 /* ReaderViewController.swift */ = {isa = PBXFileReference; fileEncoding = 4; lastKnownFileType = sourcecode.swift; path = ReaderViewController.swift; sourceTree = "<group>"; };
		9D714EF020FFA1A4002CD2A3 /* BooksCollectionViewCell.swift */ = {isa = PBXFileReference; fileEncoding = 4; lastKnownFileType = sourcecode.swift; path = BooksCollectionViewCell.swift; sourceTree = "<group>"; };
		9D714EF120FFA1A4002CD2A3 /* CViewController.swift */ = {isa = PBXFileReference; fileEncoding = 4; lastKnownFileType = sourcecode.swift; path = CViewController.swift; sourceTree = "<group>"; };
		9D714EF220FFA1A5002CD2A3 /* CodeViewController.swift */ = {isa = PBXFileReference; fileEncoding = 4; lastKnownFileType = sourcecode.swift; path = CodeViewController.swift; sourceTree = "<group>"; };
		9D714EF320FFA1A5002CD2A3 /* DViewController.swift */ = {isa = PBXFileReference; fileEncoding = 4; lastKnownFileType = sourcecode.swift; path = DViewController.swift; sourceTree = "<group>"; };
		9D714EF420FFA1A5002CD2A3 /* FavoritesTableViewCell.swift */ = {isa = PBXFileReference; fileEncoding = 4; lastKnownFileType = sourcecode.swift; path = FavoritesTableViewCell.swift; sourceTree = "<group>"; };
		9D714EF520FFA1A6002CD2A3 /* FavoritesViewController.swift */ = {isa = PBXFileReference; fileEncoding = 4; lastKnownFileType = sourcecode.swift; path = FavoritesViewController.swift; sourceTree = "<group>"; };
		9D714EF620FFA1A6002CD2A3 /* AViewController.swift */ = {isa = PBXFileReference; fileEncoding = 4; lastKnownFileType = sourcecode.swift; path = AViewController.swift; sourceTree = "<group>"; };
		9D714EF720FFA1A6002CD2A3 /* Main.storyboard */ = {isa = PBXFileReference; fileEncoding = 4; lastKnownFileType = file.storyboard; path = Main.storyboard; sourceTree = "<group>"; };
		9D714EF920FFA1A7002CD2A3 /* BookOverviewViewController.swift */ = {isa = PBXFileReference; fileEncoding = 4; lastKnownFileType = sourcecode.swift; path = BookOverviewViewController.swift; sourceTree = "<group>"; };
		9D714EFA20FFA1A7002CD2A3 /* LoginViewController.swift */ = {isa = PBXFileReference; fileEncoding = 4; lastKnownFileType = sourcecode.swift; path = LoginViewController.swift; sourceTree = "<group>"; };
		9D714EFC20FFA1A8002CD2A3 /* BViewController.swift */ = {isa = PBXFileReference; fileEncoding = 4; lastKnownFileType = sourcecode.swift; path = BViewController.swift; sourceTree = "<group>"; };
		9D714EFD20FFA1A9002CD2A3 /* SubsViewController.swift */ = {isa = PBXFileReference; fileEncoding = 4; lastKnownFileType = sourcecode.swift; path = SubsViewController.swift; sourceTree = "<group>"; };
		9D714EFE20FFA1A9002CD2A3 /* A1ViewController.swift */ = {isa = PBXFileReference; fileEncoding = 4; lastKnownFileType = sourcecode.swift; path = A1ViewController.swift; sourceTree = "<group>"; };
		9D7D492821790F1A00138802 /* GenreViewController.swift */ = {isa = PBXFileReference; lastKnownFileType = sourcecode.swift; path = GenreViewController.swift; sourceTree = "<group>"; };
		9D88EA7B21D5B20B004CDE4D /* RegisterViewController.swift */ = {isa = PBXFileReference; fileEncoding = 4; lastKnownFileType = sourcecode.swift; path = RegisterViewController.swift; sourceTree = "<group>"; };
		9D88EA7F21D5B216004CDE4D /* SignInViewController.swift */ = {isa = PBXFileReference; fileEncoding = 4; lastKnownFileType = sourcecode.swift; path = SignInViewController.swift; sourceTree = "<group>"; };
		9D9A829D2146D9380050F2B3 /* LibViewController.swift */ = {isa = PBXFileReference; lastKnownFileType = sourcecode.swift; path = LibViewController.swift; sourceTree = "<group>"; };
		9D9A829F2146D9A90050F2B3 /* LibTableViewCell.swift */ = {isa = PBXFileReference; lastKnownFileType = sourcecode.swift; path = LibTableViewCell.swift; sourceTree = "<group>"; };
		9DA3FFE6210E794600A26F62 /* Cheltenham-Bold.otf */ = {isa = PBXFileReference; lastKnownFileType = file; path = "Cheltenham-Bold.otf"; sourceTree = "<group>"; };
		9DD3601921D66AC70057FFD4 /* ReaderTableViewCell.swift */ = {isa = PBXFileReference; lastKnownFileType = sourcecode.swift; path = ReaderTableViewCell.swift; sourceTree = "<group>"; };
		9DD3AC68217CEEFA00D82C13 /* TermsTableViewCell.swift */ = {isa = PBXFileReference; lastKnownFileType = sourcecode.swift; path = TermsTableViewCell.swift; sourceTree = "<group>"; };
		9DDA5AC021D533410021F95D /* OverviewViewController.swift */ = {isa = PBXFileReference; fileEncoding = 4; lastKnownFileType = sourcecode.swift; path = OverviewViewController.swift; sourceTree = "<group>"; };
		9DE0608F215A7A5900F44256 /* LibbCollectionViewCell.swift */ = {isa = PBXFileReference; lastKnownFileType = sourcecode.swift; path = LibbCollectionViewCell.swift; sourceTree = "<group>"; };
		9DE5864621473FD500DF4129 /* FavViewController.swift */ = {isa = PBXFileReference; lastKnownFileType = sourcecode.swift; path = FavViewController.swift; sourceTree = "<group>"; };
		9DE586482147404F00DF4129 /* FavTableViewCell.swift */ = {isa = PBXFileReference; lastKnownFileType = sourcecode.swift; path = FavTableViewCell.swift; sourceTree = "<group>"; };
		9DE5864A21481AF500DF4129 /* MainViewController.swift */ = {isa = PBXFileReference; lastKnownFileType = sourcecode.swift; path = MainViewController.swift; sourceTree = "<group>"; };
		9DE98A532107F75E0073AD07 /* Cheltenham Book Regular.otf */ = {isa = PBXFileReference; lastKnownFileType = file; path = "Cheltenham Book Regular.otf"; sourceTree = "<group>"; };
		9DE9BF912188AE5B009A5182 /* FunnelViewController.swift */ = {isa = PBXFileReference; fileEncoding = 4; lastKnownFileType = sourcecode.swift; path = FunnelViewController.swift; sourceTree = "<group>"; };
		9DEEE4C721776523001B5FE8 /* ScrollViewController.swift */ = {isa = PBXFileReference; lastKnownFileType = sourcecode.swift; path = ScrollViewController.swift; sourceTree = "<group>"; };
		9DEEE4CB21776BCE001B5FE8 /* ScrollTableViewCell.swift */ = {isa = PBXFileReference; fileEncoding = 4; lastKnownFileType = sourcecode.swift; path = ScrollTableViewCell.swift; sourceTree = "<group>"; };
		9DEEE4CD21776DE1001B5FE8 /* Scroll2TableViewCell.swift */ = {isa = PBXFileReference; lastKnownFileType = sourcecode.swift; path = Scroll2TableViewCell.swift; sourceTree = "<group>"; };
		9DEFB37620FFA45000FB3B33 /* GoogleService-Info.plist */ = {isa = PBXFileReference; fileEncoding = 4; lastKnownFileType = text.plist.xml; path = "GoogleService-Info.plist"; sourceTree = "<group>"; };
		9DFD9C772187902200BE0EBA /* NewPurchaseViewController.swift */ = {isa = PBXFileReference; lastKnownFileType = sourcecode.swift; path = NewPurchaseViewController.swift; sourceTree = "<group>"; };
		A796B9825B532C8C1B74FF48 /* Pods_SnippetsTests.framework */ = {isa = PBXFileReference; explicitFileType = wrapper.framework; includeInIndex = 0; path = Pods_SnippetsTests.framework; sourceTree = BUILT_PRODUCTS_DIR; };
		B5E553AC67A2A110DC066FE7 /* Pods-SnippetsUITests.debug.xcconfig */ = {isa = PBXFileReference; includeInIndex = 1; lastKnownFileType = text.xcconfig; name = "Pods-SnippetsUITests.debug.xcconfig"; path = "Pods/Target Support Files/Pods-SnippetsUITests/Pods-SnippetsUITests.debug.xcconfig"; sourceTree = "<group>"; };
		C6EE81207569C281144C549E /* Pods_SnippetsUITests.framework */ = {isa = PBXFileReference; explicitFileType = wrapper.framework; includeInIndex = 0; path = Pods_SnippetsUITests.framework; sourceTree = BUILT_PRODUCTS_DIR; };
		E681C89D5EFAA82527E004D9 /* Pods_Snippets.framework */ = {isa = PBXFileReference; explicitFileType = wrapper.framework; includeInIndex = 0; path = Pods_Snippets.framework; sourceTree = BUILT_PRODUCTS_DIR; };
		F4ED7EBDC46DD0480DD87253 /* Pods-Snippets.release.xcconfig */ = {isa = PBXFileReference; includeInIndex = 1; lastKnownFileType = text.xcconfig; name = "Pods-Snippets.release.xcconfig"; path = "Pods/Target Support Files/Pods-Snippets/Pods-Snippets.release.xcconfig"; sourceTree = "<group>"; };
/* End PBXFileReference section */

/* Begin PBXFrameworksBuildPhase section */
		9D714EB720FFA0E7002CD2A3 /* Frameworks */ = {
			isa = PBXFrameworksBuildPhase;
			buildActionMask = 2147483647;
			files = (
				9C2304F62D26520C38570F48 /* Pods_Snippets.framework in Frameworks */,
				9D402076210241E400E90720 /* StoreKit.framework in Frameworks */,
			);
			runOnlyForDeploymentPostprocessing = 0;
		};
		9D714ECB20FFA0EB002CD2A3 /* Frameworks */ = {
			isa = PBXFrameworksBuildPhase;
			buildActionMask = 2147483647;
			files = (
				E778CDE60069721ACE7A31BE /* Pods_SnippetsTests.framework in Frameworks */,
			);
			runOnlyForDeploymentPostprocessing = 0;
		};
		9D714ED620FFA0EB002CD2A3 /* Frameworks */ = {
			isa = PBXFrameworksBuildPhase;
			buildActionMask = 2147483647;
			files = (
				157A74EA0165AD58AB8C42FF /* Pods_SnippetsUITests.framework in Frameworks */,
			);
			runOnlyForDeploymentPostprocessing = 0;
		};
/* End PBXFrameworksBuildPhase section */

/* Begin PBXGroup section */
		827DB7EF7D09DA60CF45D795 /* Pods */ = {
			isa = PBXGroup;
			children = (
				3EC0ED10C94DCEF6F5337251 /* Pods-Snippets.debug.xcconfig */,
				F4ED7EBDC46DD0480DD87253 /* Pods-Snippets.release.xcconfig */,
				7A42BC6B365D009C7E233046 /* Pods-SnippetsTests.debug.xcconfig */,
				18D5C129020383D781359811 /* Pods-SnippetsTests.release.xcconfig */,
				B5E553AC67A2A110DC066FE7 /* Pods-SnippetsUITests.debug.xcconfig */,
				5B29037367A81C6A6156FE25 /* Pods-SnippetsUITests.release.xcconfig */,
			);
			name = Pods;
			sourceTree = "<group>";
		};
		9D714EB120FFA0E7002CD2A3 = {
			isa = PBXGroup;
			children = (
				9D714EBC20FFA0E7002CD2A3 /* Snippets */,
				9D714ED120FFA0EB002CD2A3 /* SnippetsTests */,
				9D714EDC20FFA0EB002CD2A3 /* SnippetsUITests */,
				9D714EBB20FFA0E7002CD2A3 /* Products */,
				827DB7EF7D09DA60CF45D795 /* Pods */,
				F87C21907DEB21E58C006ECF /* Frameworks */,
			);
			sourceTree = "<group>";
		};
		9D714EBB20FFA0E7002CD2A3 /* Products */ = {
			isa = PBXGroup;
			children = (
				9D714EBA20FFA0E7002CD2A3 /* Snippets.app */,
				9D714ECE20FFA0EB002CD2A3 /* SnippetsTests.xctest */,
				9D714ED920FFA0EB002CD2A3 /* SnippetsUITests.xctest */,
			);
			name = Products;
			sourceTree = "<group>";
		};
		9D714EBC20FFA0E7002CD2A3 /* Snippets */ = {
			isa = PBXGroup;
			children = (
				9D714EBD20FFA0E7002CD2A3 /* AppDelegate.swift */,
				9D714EFE20FFA1A9002CD2A3 /* A1ViewController.swift */,
				9D714EF720FFA1A6002CD2A3 /* Main.storyboard */,
				9D714EF620FFA1A6002CD2A3 /* AViewController.swift */,
				9DD3AC5C217BCD2000D82C13 /* Recent */,
				9DD3AC63217BCD5900D82C13 /* Other */,
				9D714EC620FFA0EB002CD2A3 /* LaunchScreen.storyboard */,
				9DA3FFE6210E794600A26F62 /* Cheltenham-Bold.otf */,
				9DE98A532107F75E0073AD07 /* Cheltenham Book Regular.otf */,
				9DEEE4CB21776BCE001B5FE8 /* ScrollTableViewCell.swift */,
				9D662CCF21082BA900A474A3 /* rm_albion.ttf */,
				9D714EC420FFA0EB002CD2A3 /* Assets.xcassets */,
				9D714EC920FFA0EB002CD2A3 /* Info.plist */,
				9DEFB37620FFA45000FB3B33 /* GoogleService-Info.plist */,
				9D4D43102177BA1100DC0EB5 /* National-Black.otf */,
				9D4D430D2177B9FC00DC0EB5 /* National-BlackItalic.otf */,
				9D4D430A2177B9DD00DC0EB5 /* National-Bold.otf */,
				9D4D43032177B99800DC0EB5 /* National-BoldItalic.otf */,
				9D4D43062177B9B700DC0EB5 /* National-Book.otf */,
				9D4D43082177B9CD00DC0EB5 /* National-BookItalic.otf */,
				9D4D43122177BA2200DC0EB5 /* National-Extrabold.otf */,
				9D4D43132177BA2900DC0EB5 /* National-ExtraboldItalic.otf */,
				9D4D43142177BA3300DC0EB5 /* National-Light.otf */,
				9D4D43042177B9A400DC0EB5 /* National-LightItalic.otf */,
				9D4D43052177B9B000DC0EB5 /* National-Medium.otf */,
				9D4D43092177B9D500DC0EB5 /* National-MediumItalic.otf */,
				9D4D430F2177BA0A00DC0EB5 /* National-Regular.otf */,
				9D4D43112177BA1800DC0EB5 /* National-RegularItalic.otf */,
				9D4D430E2177BA0300DC0EB5 /* National-Semibold.otf */,
				9D4D430B2177B9E400DC0EB5 /* National-SemiboldItalic.otf */,
				9D4D43072177B9C400DC0EB5 /* National-Thin.otf */,
				9D4D430C2177B9F400DC0EB5 /* National-ThinItalic.otf */,
			);
			path = Snippets;
			sourceTree = "<group>";
		};
		9D714ED120FFA0EB002CD2A3 /* SnippetsTests */ = {
			isa = PBXGroup;
			children = (
				9D714ED220FFA0EB002CD2A3 /* SnippetsTests.swift */,
				9D714ED420FFA0EB002CD2A3 /* Info.plist */,
			);
			path = SnippetsTests;
			sourceTree = "<group>";
		};
		9D714EDC20FFA0EB002CD2A3 /* SnippetsUITests */ = {
			isa = PBXGroup;
			children = (
				9D714EDD20FFA0EB002CD2A3 /* SnippetsUITests.swift */,
				9D714EDF20FFA0EB002CD2A3 /* Info.plist */,
			);
			path = SnippetsUITests;
			sourceTree = "<group>";
		};
		9DD3AC5C217BCD2000D82C13 /* Recent */ = {
			isa = PBXGroup;
			children = (
				9DE5864A21481AF500DF4129 /* MainViewController.swift */,
				9DDA5AC021D533410021F95D /* OverviewViewController.swift */,
				9D32CFF52189006D005B1B97 /* CompletedViewController.swift */,
				9DE9BF912188AE5B009A5182 /* FunnelViewController.swift */,
				9DFD9C772187902200BE0EBA /* NewPurchaseViewController.swift */,
				9D0D2D522198857D000C3C6F /* SaleViewController.swift */,
				9D3C9AC2217D410D0053D9AD /* CategoriesCollectionViewCell.swift */,
				9D0D2D502198854B000C3C6F /* BrowseViewController.swift */,
				9D714EF920FFA1A7002CD2A3 /* BookOverviewViewController.swift */,
				9D714EF020FFA1A4002CD2A3 /* BooksCollectionViewCell.swift */,
				9D714EEC20FFA1A3002CD2A3 /* DiscoverBooksViewController.swift */,
				9D9A829D2146D9380050F2B3 /* LibViewController.swift */,
				9D714EED20FFA1A3002CD2A3 /* PurchaseViewController.swift */,
				9DD3AC68217CEEFA00D82C13 /* TermsTableViewCell.swift */,
				9D714EEF20FFA1A4002CD2A3 /* ReaderViewController.swift */,
				9DD3601921D66AC70057FFD4 /* ReaderTableViewCell.swift */,
				9DE5864621473FD500DF4129 /* FavViewController.swift */,
				9DE586482147404F00DF4129 /* FavTableViewCell.swift */,
				9D714EFA20FFA1A7002CD2A3 /* LoginViewController.swift */,
				9D88EA7B21D5B20B004CDE4D /* RegisterViewController.swift */,
				9D88EA7F21D5B216004CDE4D /* SignInViewController.swift */,
				9D1B921D21D6A33100332A18 /* Settings2ViewController.swift */,
				9D1B922121D7D83400332A18 /* ContacViewController.swift */,
			);
			path = Recent;
			sourceTree = "<group>";
		};
		9DD3AC63217BCD5900D82C13 /* Other */ = {
			isa = PBXGroup;
			children = (
				9D714EFC20FFA1A8002CD2A3 /* BViewController.swift */,
				9D714EF220FFA1A5002CD2A3 /* CodeViewController.swift */,
				9D714EF120FFA1A4002CD2A3 /* CViewController.swift */,
				9DE0608F215A7A5900F44256 /* LibbCollectionViewCell.swift */,
				9D9A829F2146D9A90050F2B3 /* LibTableViewCell.swift */,
				9D4020712102375E00E90720 /* ExpandedViewController.swift */,
				9D714EF320FFA1A5002CD2A3 /* DViewController.swift */,
				9D714EF420FFA1A5002CD2A3 /* FavoritesTableViewCell.swift */,
				9D714EF520FFA1A6002CD2A3 /* FavoritesViewController.swift */,
				9D714EEE20FFA1A3002CD2A3 /* FeedbackViewController.swift */,
				9D2CF7A5215A672A00F9C3D5 /* SeeMoreViewController.swift */,
				9D714EEB20FFA1A2002CD2A3 /* ReadTableViewCell.swift */,
				9D714EFD20FFA1A9002CD2A3 /* SubsViewController.swift */,
				9D19F2A520FFD2C700BEC738 /* LibraryViewController.swift */,
				9D40206D2102278900E90720 /* FilterViewController.swift */,
				9D1CE2EF2112BF3F00639C5F /* MoreInfoViewController.swift */,
				9D54FB792134DE60003B8BA7 /* DemoViewController.swift */,
				9D1EBF0921767EF4004A566A /* SwipeViewController.swift */,
				9DEEE4CD21776DE1001B5FE8 /* Scroll2TableViewCell.swift */,
				9DEEE4C721776523001B5FE8 /* ScrollViewController.swift */,
				9D7D492821790F1A00138802 /* GenreViewController.swift */,
			);
			path = Other;
			sourceTree = "<group>";
		};
		F87C21907DEB21E58C006ECF /* Frameworks */ = {
			isa = PBXGroup;
			children = (
				9D402075210241E400E90720 /* StoreKit.framework */,
				E681C89D5EFAA82527E004D9 /* Pods_Snippets.framework */,
				A796B9825B532C8C1B74FF48 /* Pods_SnippetsTests.framework */,
				C6EE81207569C281144C549E /* Pods_SnippetsUITests.framework */,
			);
			name = Frameworks;
			sourceTree = "<group>";
		};
/* End PBXGroup section */

/* Begin PBXNativeTarget section */
		9D714EB920FFA0E7002CD2A3 /* Snippets */ = {
			isa = PBXNativeTarget;
			buildConfigurationList = 9D714EE220FFA0EC002CD2A3 /* Build configuration list for PBXNativeTarget "Snippets" */;
			buildPhases = (
				1CF936094F1FB9C47C20AF79 /* [CP] Check Pods Manifest.lock */,
				9D714EB620FFA0E7002CD2A3 /* Sources */,
				9D714EB720FFA0E7002CD2A3 /* Frameworks */,
				9D714EB820FFA0E7002CD2A3 /* Resources */,
				31CBE43157513037BD21694D /* [CP] Embed Pods Frameworks */,
			);
			buildRules = (
			);
			dependencies = (
			);
			name = Snippets;
			productName = Snippets;
			productReference = 9D714EBA20FFA0E7002CD2A3 /* Snippets.app */;
			productType = "com.apple.product-type.application";
		};
		9D714ECD20FFA0EB002CD2A3 /* SnippetsTests */ = {
			isa = PBXNativeTarget;
			buildConfigurationList = 9D714EE520FFA0EC002CD2A3 /* Build configuration list for PBXNativeTarget "SnippetsTests" */;
			buildPhases = (
				6E087CED3F355BBDB2AF66A5 /* [CP] Check Pods Manifest.lock */,
				9D714ECA20FFA0EB002CD2A3 /* Sources */,
				9D714ECB20FFA0EB002CD2A3 /* Frameworks */,
				9D714ECC20FFA0EB002CD2A3 /* Resources */,
			);
			buildRules = (
			);
			dependencies = (
				9D714ED020FFA0EB002CD2A3 /* PBXTargetDependency */,
			);
			name = SnippetsTests;
			productName = SnippetsTests;
			productReference = 9D714ECE20FFA0EB002CD2A3 /* SnippetsTests.xctest */;
			productType = "com.apple.product-type.bundle.unit-test";
		};
		9D714ED820FFA0EB002CD2A3 /* SnippetsUITests */ = {
			isa = PBXNativeTarget;
			buildConfigurationList = 9D714EE820FFA0EC002CD2A3 /* Build configuration list for PBXNativeTarget "SnippetsUITests" */;
			buildPhases = (
				852FE167FFD61846402850FA /* [CP] Check Pods Manifest.lock */,
				9D714ED520FFA0EB002CD2A3 /* Sources */,
				9D714ED620FFA0EB002CD2A3 /* Frameworks */,
				9D714ED720FFA0EB002CD2A3 /* Resources */,
			);
			buildRules = (
			);
			dependencies = (
				9D714EDB20FFA0EB002CD2A3 /* PBXTargetDependency */,
			);
			name = SnippetsUITests;
			productName = SnippetsUITests;
			productReference = 9D714ED920FFA0EB002CD2A3 /* SnippetsUITests.xctest */;
			productType = "com.apple.product-type.bundle.ui-testing";
		};
/* End PBXNativeTarget section */

/* Begin PBXProject section */
		9D714EB220FFA0E7002CD2A3 /* Project object */ = {
			isa = PBXProject;
			attributes = {
				LastSwiftUpdateCheck = 0940;
				LastUpgradeCheck = 0940;
				ORGANIZATIONNAME = "AA Tech";
				TargetAttributes = {
					9D714EB920FFA0E7002CD2A3 = {
						CreatedOnToolsVersion = 9.4.1;
						SystemCapabilities = {
							com.apple.InAppPurchase = {
								enabled = 1;
							};
						};
					};
					9D714ECD20FFA0EB002CD2A3 = {
						CreatedOnToolsVersion = 9.4.1;
						TestTargetID = 9D714EB920FFA0E7002CD2A3;
					};
					9D714ED820FFA0EB002CD2A3 = {
						CreatedOnToolsVersion = 9.4.1;
						TestTargetID = 9D714EB920FFA0E7002CD2A3;
					};
				};
			};
			buildConfigurationList = 9D714EB520FFA0E7002CD2A3 /* Build configuration list for PBXProject "Snippets" */;
			compatibilityVersion = "Xcode 9.3";
			developmentRegion = en;
			hasScannedForEncodings = 0;
			knownRegions = (
				en,
				Base,
			);
			mainGroup = 9D714EB120FFA0E7002CD2A3;
			productRefGroup = 9D714EBB20FFA0E7002CD2A3 /* Products */;
			projectDirPath = "";
			projectRoot = "";
			targets = (
				9D714EB920FFA0E7002CD2A3 /* Snippets */,
				9D714ECD20FFA0EB002CD2A3 /* SnippetsTests */,
				9D714ED820FFA0EB002CD2A3 /* SnippetsUITests */,
			);
		};
/* End PBXProject section */

/* Begin PBXResourcesBuildPhase section */
		9D714EB820FFA0E7002CD2A3 /* Resources */ = {
			isa = PBXResourcesBuildPhase;
			buildActionMask = 2147483647;
			files = (
				9D4D43152177BA3B00DC0EB5 /* National-BoldItalic.otf in Resources */,
				9D714F2320FFA1A9002CD2A3 /* Main.storyboard in Resources */,
				9D4D43212177BA3B00DC0EB5 /* National-Thin.otf in Resources */,
				9D4D431B2177BA3B00DC0EB5 /* National-Medium.otf in Resources */,
				9D714EC820FFA0EB002CD2A3 /* LaunchScreen.storyboard in Resources */,
				9D662CD021082BAB00A474A3 /* rm_albion.ttf in Resources */,
				9D4D43302177BA3B00DC0EB5 /* National-ThinItalic.otf in Resources */,
				9D4D43242177BA3B00DC0EB5 /* National-BookItalic.otf in Resources */,
				9D4D43392177BA3B00DC0EB5 /* National-Regular.otf in Resources */,
				9D4D43452177BA3B00DC0EB5 /* National-ExtraboldItalic.otf in Resources */,
				9DEFB37720FFA45000FB3B33 /* GoogleService-Info.plist in Resources */,
				9D4D43422177BA3B00DC0EB5 /* National-Extrabold.otf in Resources */,
				9D4D43362177BA3B00DC0EB5 /* National-Semibold.otf in Resources */,
				9D4D43482177BA3B00DC0EB5 /* National-Light.otf in Resources */,
				9D4D43332177BA3B00DC0EB5 /* National-BlackItalic.otf in Resources */,
				9DA3FFE7210E794700A26F62 /* Cheltenham-Bold.otf in Resources */,
				9D4D431E2177BA3B00DC0EB5 /* National-Book.otf in Resources */,
				9D4D432D2177BA3B00DC0EB5 /* National-SemiboldItalic.otf in Resources */,
				9D4D43182177BA3B00DC0EB5 /* National-LightItalic.otf in Resources */,
				9DE98A542107F7620073AD07 /* Cheltenham Book Regular.otf in Resources */,
				9D4D43272177BA3B00DC0EB5 /* National-MediumItalic.otf in Resources */,
				9D714EC520FFA0EB002CD2A3 /* Assets.xcassets in Resources */,
				9D4D433C2177BA3B00DC0EB5 /* National-Black.otf in Resources */,
				9D4D433F2177BA3B00DC0EB5 /* National-RegularItalic.otf in Resources */,
				9D4D432A2177BA3B00DC0EB5 /* National-Bold.otf in Resources */,
			);
			runOnlyForDeploymentPostprocessing = 0;
		};
		9D714ECC20FFA0EB002CD2A3 /* Resources */ = {
			isa = PBXResourcesBuildPhase;
			buildActionMask = 2147483647;
			files = (
				9D4D43192177BA3B00DC0EB5 /* National-LightItalic.otf in Resources */,
				9D4D43162177BA3B00DC0EB5 /* National-BoldItalic.otf in Resources */,
				9D4D43402177BA3B00DC0EB5 /* National-RegularItalic.otf in Resources */,
				9D4D43222177BA3B00DC0EB5 /* National-Thin.otf in Resources */,
				9D4D43342177BA3B00DC0EB5 /* National-BlackItalic.otf in Resources */,
				9D4D43282177BA3B00DC0EB5 /* National-MediumItalic.otf in Resources */,
				9D4D43312177BA3B00DC0EB5 /* National-ThinItalic.otf in Resources */,
				9DE98A552107F7620073AD07 /* Cheltenham Book Regular.otf in Resources */,
				9D4D43492177BA3B00DC0EB5 /* National-Light.otf in Resources */,
				9D4D431C2177BA3B00DC0EB5 /* National-Medium.otf in Resources */,
				9D4D433A2177BA3B00DC0EB5 /* National-Regular.otf in Resources */,
				9DA3FFE8210E794700A26F62 /* Cheltenham-Bold.otf in Resources */,
				9D4D43252177BA3B00DC0EB5 /* National-BookItalic.otf in Resources */,
				9D4D43462177BA3B00DC0EB5 /* National-ExtraboldItalic.otf in Resources */,
				9D4D432E2177BA3B00DC0EB5 /* National-SemiboldItalic.otf in Resources */,
				9D4D432B2177BA3B00DC0EB5 /* National-Bold.otf in Resources */,
				9D4D433D2177BA3B00DC0EB5 /* National-Black.otf in Resources */,
				9D714F2420FFA1A9002CD2A3 /* Main.storyboard in Resources */,
				9D4D431F2177BA3B00DC0EB5 /* National-Book.otf in Resources */,
				9D4D43432177BA3B00DC0EB5 /* National-Extrabold.otf in Resources */,
				9D4D43372177BA3B00DC0EB5 /* National-Semibold.otf in Resources */,
				9D662CD121082BAB00A474A3 /* rm_albion.ttf in Resources */,
			);
			runOnlyForDeploymentPostprocessing = 0;
		};
		9D714ED720FFA0EB002CD2A3 /* Resources */ = {
			isa = PBXResourcesBuildPhase;
			buildActionMask = 2147483647;
			files = (
				9D4D431A2177BA3B00DC0EB5 /* National-LightItalic.otf in Resources */,
				9D4D43172177BA3B00DC0EB5 /* National-BoldItalic.otf in Resources */,
				9D4D43412177BA3B00DC0EB5 /* National-RegularItalic.otf in Resources */,
				9D4D43232177BA3B00DC0EB5 /* National-Thin.otf in Resources */,
				9D4D43352177BA3B00DC0EB5 /* National-BlackItalic.otf in Resources */,
				9D4D43292177BA3B00DC0EB5 /* National-MediumItalic.otf in Resources */,
				9D4D43322177BA3B00DC0EB5 /* National-ThinItalic.otf in Resources */,
				9DE98A562107F7620073AD07 /* Cheltenham Book Regular.otf in Resources */,
				9D4D434A2177BA3B00DC0EB5 /* National-Light.otf in Resources */,
				9D4D431D2177BA3B00DC0EB5 /* National-Medium.otf in Resources */,
				9D4D433B2177BA3B00DC0EB5 /* National-Regular.otf in Resources */,
				9DA3FFE9210E794700A26F62 /* Cheltenham-Bold.otf in Resources */,
				9D4D43262177BA3B00DC0EB5 /* National-BookItalic.otf in Resources */,
				9D4D43472177BA3B00DC0EB5 /* National-ExtraboldItalic.otf in Resources */,
				9D4D432F2177BA3B00DC0EB5 /* National-SemiboldItalic.otf in Resources */,
				9D4D432C2177BA3B00DC0EB5 /* National-Bold.otf in Resources */,
				9D4D433E2177BA3B00DC0EB5 /* National-Black.otf in Resources */,
				9D714F2520FFA1A9002CD2A3 /* Main.storyboard in Resources */,
				9D4D43202177BA3B00DC0EB5 /* National-Book.otf in Resources */,
				9D4D43442177BA3B00DC0EB5 /* National-Extrabold.otf in Resources */,
				9D4D43382177BA3B00DC0EB5 /* National-Semibold.otf in Resources */,
				9D662CD221082BAB00A474A3 /* rm_albion.ttf in Resources */,
			);
			runOnlyForDeploymentPostprocessing = 0;
		};
/* End PBXResourcesBuildPhase section */

/* Begin PBXShellScriptBuildPhase section */
		1CF936094F1FB9C47C20AF79 /* [CP] Check Pods Manifest.lock */ = {
			isa = PBXShellScriptBuildPhase;
			buildActionMask = 2147483647;
			files = (
			);
			inputPaths = (
				"${PODS_PODFILE_DIR_PATH}/Podfile.lock",
				"${PODS_ROOT}/Manifest.lock",
			);
			name = "[CP] Check Pods Manifest.lock";
			outputPaths = (
				"$(DERIVED_FILE_DIR)/Pods-Snippets-checkManifestLockResult.txt",
			);
			runOnlyForDeploymentPostprocessing = 0;
			shellPath = /bin/sh;
			shellScript = "diff \"${PODS_PODFILE_DIR_PATH}/Podfile.lock\" \"${PODS_ROOT}/Manifest.lock\" > /dev/null\nif [ $? != 0 ] ; then\n    # print error to STDERR\n    echo \"error: The sandbox is not in sync with the Podfile.lock. Run 'pod install' or update your CocoaPods installation.\" >&2\n    exit 1\nfi\n# This output is used by Xcode 'outputs' to avoid re-running this script phase.\necho \"SUCCESS\" > \"${SCRIPT_OUTPUT_FILE_0}\"\n";
			showEnvVarsInLog = 0;
		};
		31CBE43157513037BD21694D /* [CP] Embed Pods Frameworks */ = {
			isa = PBXShellScriptBuildPhase;
			buildActionMask = 2147483647;
			files = (
			);
			inputPaths = (
				"${SRCROOT}/Pods/Target Support Files/Pods-Snippets/Pods-Snippets-frameworks.sh",
				"${BUILT_PRODUCTS_DIR}/Bolts/Bolts.framework",
				"${BUILT_PRODUCTS_DIR}/Cheers/Cheers.framework",
				"${BUILT_PRODUCTS_DIR}/FBSDKCoreKit/FBSDKCoreKit.framework",
				"${BUILT_PRODUCTS_DIR}/GTMSessionFetcher/GTMSessionFetcher.framework",
				"${BUILT_PRODUCTS_DIR}/GoogleUtilities/GoogleUtilities.framework",
				"${BUILT_PRODUCTS_DIR}/IQKeyboardManager/IQKeyboardManager.framework",
				"${BUILT_PRODUCTS_DIR}/Protobuf/Protobuf.framework",
				"${BUILT_PRODUCTS_DIR}/Purchases/Purchases.framework",
				"${BUILT_PRODUCTS_DIR}/SwiftyStoreKit/SwiftyStoreKit.framework",
				"${BUILT_PRODUCTS_DIR}/leveldb-library/leveldb.framework",
				"${BUILT_PRODUCTS_DIR}/nanopb/nanopb.framework",
			);
			name = "[CP] Embed Pods Frameworks";
			outputPaths = (
				"${TARGET_BUILD_DIR}/${FRAMEWORKS_FOLDER_PATH}/Bolts.framework",
				"${TARGET_BUILD_DIR}/${FRAMEWORKS_FOLDER_PATH}/Cheers.framework",
				"${TARGET_BUILD_DIR}/${FRAMEWORKS_FOLDER_PATH}/FBSDKCoreKit.framework",
				"${TARGET_BUILD_DIR}/${FRAMEWORKS_FOLDER_PATH}/GTMSessionFetcher.framework",
				"${TARGET_BUILD_DIR}/${FRAMEWORKS_FOLDER_PATH}/GoogleUtilities.framework",
				"${TARGET_BUILD_DIR}/${FRAMEWORKS_FOLDER_PATH}/IQKeyboardManager.framework",
				"${TARGET_BUILD_DIR}/${FRAMEWORKS_FOLDER_PATH}/Protobuf.framework",
				"${TARGET_BUILD_DIR}/${FRAMEWORKS_FOLDER_PATH}/Purchases.framework",
				"${TARGET_BUILD_DIR}/${FRAMEWORKS_FOLDER_PATH}/SwiftyStoreKit.framework",
				"${TARGET_BUILD_DIR}/${FRAMEWORKS_FOLDER_PATH}/leveldb.framework",
				"${TARGET_BUILD_DIR}/${FRAMEWORKS_FOLDER_PATH}/nanopb.framework",
			);
			runOnlyForDeploymentPostprocessing = 0;
			shellPath = /bin/sh;
			shellScript = "\"${SRCROOT}/Pods/Target Support Files/Pods-Snippets/Pods-Snippets-frameworks.sh\"\n";
			showEnvVarsInLog = 0;
		};
		6E087CED3F355BBDB2AF66A5 /* [CP] Check Pods Manifest.lock */ = {
			isa = PBXShellScriptBuildPhase;
			buildActionMask = 2147483647;
			files = (
			);
			inputPaths = (
				"${PODS_PODFILE_DIR_PATH}/Podfile.lock",
				"${PODS_ROOT}/Manifest.lock",
			);
			name = "[CP] Check Pods Manifest.lock";
			outputPaths = (
				"$(DERIVED_FILE_DIR)/Pods-SnippetsTests-checkManifestLockResult.txt",
			);
			runOnlyForDeploymentPostprocessing = 0;
			shellPath = /bin/sh;
			shellScript = "diff \"${PODS_PODFILE_DIR_PATH}/Podfile.lock\" \"${PODS_ROOT}/Manifest.lock\" > /dev/null\nif [ $? != 0 ] ; then\n    # print error to STDERR\n    echo \"error: The sandbox is not in sync with the Podfile.lock. Run 'pod install' or update your CocoaPods installation.\" >&2\n    exit 1\nfi\n# This output is used by Xcode 'outputs' to avoid re-running this script phase.\necho \"SUCCESS\" > \"${SCRIPT_OUTPUT_FILE_0}\"\n";
			showEnvVarsInLog = 0;
		};
		852FE167FFD61846402850FA /* [CP] Check Pods Manifest.lock */ = {
			isa = PBXShellScriptBuildPhase;
			buildActionMask = 2147483647;
			files = (
			);
			inputPaths = (
				"${PODS_PODFILE_DIR_PATH}/Podfile.lock",
				"${PODS_ROOT}/Manifest.lock",
			);
			name = "[CP] Check Pods Manifest.lock";
			outputPaths = (
				"$(DERIVED_FILE_DIR)/Pods-SnippetsUITests-checkManifestLockResult.txt",
			);
			runOnlyForDeploymentPostprocessing = 0;
			shellPath = /bin/sh;
			shellScript = "diff \"${PODS_PODFILE_DIR_PATH}/Podfile.lock\" \"${PODS_ROOT}/Manifest.lock\" > /dev/null\nif [ $? != 0 ] ; then\n    # print error to STDERR\n    echo \"error: The sandbox is not in sync with the Podfile.lock. Run 'pod install' or update your CocoaPods installation.\" >&2\n    exit 1\nfi\n# This output is used by Xcode 'outputs' to avoid re-running this script phase.\necho \"SUCCESS\" > \"${SCRIPT_OUTPUT_FILE_0}\"\n";
			showEnvVarsInLog = 0;
		};
/* End PBXShellScriptBuildPhase section */

/* Begin PBXSourcesBuildPhase section */
		9D714EB620FFA0E7002CD2A3 /* Sources */ = {
			isa = PBXSourcesBuildPhase;
			buildActionMask = 2147483647;
			files = (
				9DD3AC69217CEEFA00D82C13 /* TermsTableViewCell.swift in Sources */,
				9DDA5AC121D533410021F95D /* OverviewViewController.swift in Sources */,
				9D2CF7A6215A672A00F9C3D5 /* SeeMoreViewController.swift in Sources */,
				9D9A829E2146D9380050F2B3 /* LibViewController.swift in Sources */,
				9DE586492147404F00DF4129 /* FavTableViewCell.swift in Sources */,
				9D40206E2102278900E90720 /* FilterViewController.swift in Sources */,
				9D714F1A20FFA1A9002CD2A3 /* FavoritesTableViewCell.swift in Sources */,
				9DEEE4CE21776DE1001B5FE8 /* Scroll2TableViewCell.swift in Sources */,
				9D714F0220FFA1A9002CD2A3 /* DiscoverBooksViewController.swift in Sources */,
				9D714F1720FFA1A9002CD2A3 /* DViewController.swift in Sources */,
				9D714F2C20FFA1A9002CD2A3 /* LoginViewController.swift in Sources */,
				9D1EBF0A21767EF4004A566A /* SwipeViewController.swift in Sources */,
				9DEEE4C821776523001B5FE8 /* ScrollViewController.swift in Sources */,
				9D32CFF62189006E005B1B97 /* CompletedViewController.swift in Sources */,
				9D714F0520FFA1A9002CD2A3 /* PurchaseViewController.swift in Sources */,
				9D714F3820FFA1A9002CD2A3 /* A1ViewController.swift in Sources */,
				9D19F2A620FFD2C700BEC738 /* LibraryViewController.swift in Sources */,
				9D714F1120FFA1A9002CD2A3 /* CViewController.swift in Sources */,
				9D714EBE20FFA0E7002CD2A3 /* AppDelegate.swift in Sources */,
				9D714F0820FFA1A9002CD2A3 /* FeedbackViewController.swift in Sources */,
				9DE5864B21481AF500DF4129 /* MainViewController.swift in Sources */,
				9DE5864721473FD500DF4129 /* FavViewController.swift in Sources */,
				9D714EFF20FFA1A9002CD2A3 /* ReadTableViewCell.swift in Sources */,
				9D714F2920FFA1A9002CD2A3 /* BookOverviewViewController.swift in Sources */,
				9D0D2D512198854B000C3C6F /* BrowseViewController.swift in Sources */,
				9D714F3220FFA1A9002CD2A3 /* BViewController.swift in Sources */,
				9DFD9C782187902200BE0EBA /* NewPurchaseViewController.swift in Sources */,
				9DE9BF922188AE5B009A5182 /* FunnelViewController.swift in Sources */,
				9D54FB7A2134DE60003B8BA7 /* DemoViewController.swift in Sources */,
				9DEEE4CC21776BCF001B5FE8 /* ScrollTableViewCell.swift in Sources */,
				9D7D492921790F1A00138802 /* GenreViewController.swift in Sources */,
				9D714F1420FFA1A9002CD2A3 /* CodeViewController.swift in Sources */,
				9DE06090215A7A5900F44256 /* LibbCollectionViewCell.swift in Sources */,
				9D0D2D532198857D000C3C6F /* SaleViewController.swift in Sources */,
				9D714F0E20FFA1A9002CD2A3 /* BooksCollectionViewCell.swift in Sources */,
				9D4020722102375E00E90720 /* ExpandedViewController.swift in Sources */,
				9D714F1D20FFA1A9002CD2A3 /* FavoritesViewController.swift in Sources */,
				9D3C9AC3217D410D0053D9AD /* CategoriesCollectionViewCell.swift in Sources */,
				9D714F3520FFA1A9002CD2A3 /* SubsViewController.swift in Sources */,
				9D714F0B20FFA1A9002CD2A3 /* ReaderViewController.swift in Sources */,
				9D88EA7C21D5B20B004CDE4D /* RegisterViewController.swift in Sources */,
				9D88EA8021D5B217004CDE4D /* SignInViewController.swift in Sources */,
				9DD3601A21D66AC70057FFD4 /* ReaderTableViewCell.swift in Sources */,
				9D9A82A02146D9A90050F2B3 /* LibTableViewCell.swift in Sources */,
				9D1B922221D7D83500332A18 /* ContacViewController.swift in Sources */,
				9D1B921E21D6A33200332A18 /* Settings2ViewController.swift in Sources */,
				9D1CE2F02112BF3F00639C5F /* MoreInfoViewController.swift in Sources */,
				9D714F2020FFA1A9002CD2A3 /* AViewController.swift in Sources */,
			);
			runOnlyForDeploymentPostprocessing = 0;
		};
		9D714ECA20FFA0EB002CD2A3 /* Sources */ = {
			isa = PBXSourcesBuildPhase;
			buildActionMask = 2147483647;
			files = (
				9DD3601B21D66AC70057FFD4 /* ReaderTableViewCell.swift in Sources */,
				9D714F1B20FFA1A9002CD2A3 /* FavoritesTableViewCell.swift in Sources */,
				9D714F0320FFA1A9002CD2A3 /* DiscoverBooksViewController.swift in Sources */,
				9D714F1820FFA1A9002CD2A3 /* DViewController.swift in Sources */,
				9D714F2D20FFA1A9002CD2A3 /* LoginViewController.swift in Sources */,
				9D714F0620FFA1A9002CD2A3 /* PurchaseViewController.swift in Sources */,
				9D714F3920FFA1A9002CD2A3 /* A1ViewController.swift in Sources */,
				9DD3AC62217BCD5600D82C13 /* FavTableViewCell.swift in Sources */,
				9DD3AC5E217BCD3900D82C13 /* LibViewController.swift in Sources */,
				9D714F1220FFA1A9002CD2A3 /* CViewController.swift in Sources */,
				9D714ED320FFA0EB002CD2A3 /* SnippetsTests.swift in Sources */,
				9D714F0920FFA1A9002CD2A3 /* FeedbackViewController.swift in Sources */,
				9D714F0020FFA1A9002CD2A3 /* ReadTableViewCell.swift in Sources */,
				9D714F2A20FFA1A9002CD2A3 /* BookOverviewViewController.swift in Sources */,
				9D4020732102375E00E90720 /* ExpandedViewController.swift in Sources */,
				9D714F3320FFA1A9002CD2A3 /* BViewController.swift in Sources */,
				9D1B921F21D6A33200332A18 /* Settings2ViewController.swift in Sources */,
				9D88EA8121D5B217004CDE4D /* SignInViewController.swift in Sources */,
				9D714F1520FFA1A9002CD2A3 /* CodeViewController.swift in Sources */,
				9D88EA7D21D5B20B004CDE4D /* RegisterViewController.swift in Sources */,
				9D1B922321D7D83500332A18 /* ContacViewController.swift in Sources */,
				9D714F0F20FFA1A9002CD2A3 /* BooksCollectionViewCell.swift in Sources */,
				9D714F1E20FFA1A9002CD2A3 /* FavoritesViewController.swift in Sources */,
				9DD3AC60217BCD5600D82C13 /* FavViewController.swift in Sources */,
				9D714F3620FFA1A9002CD2A3 /* SubsViewController.swift in Sources */,
				9D714F0C20FFA1A9002CD2A3 /* ReaderViewController.swift in Sources */,
				9D714F2120FFA1A9002CD2A3 /* AViewController.swift in Sources */,
			);
			runOnlyForDeploymentPostprocessing = 0;
		};
		9D714ED520FFA0EB002CD2A3 /* Sources */ = {
			isa = PBXSourcesBuildPhase;
			buildActionMask = 2147483647;
			files = (
				9DD3601C21D66AC70057FFD4 /* ReaderTableViewCell.swift in Sources */,
				9D714F1C20FFA1A9002CD2A3 /* FavoritesTableViewCell.swift in Sources */,
				9D714F0420FFA1A9002CD2A3 /* DiscoverBooksViewController.swift in Sources */,
				9D714F1920FFA1A9002CD2A3 /* DViewController.swift in Sources */,
				9D714F2E20FFA1A9002CD2A3 /* LoginViewController.swift in Sources */,
				9D714F0720FFA1A9002CD2A3 /* PurchaseViewController.swift in Sources */,
				9D714F3A20FFA1A9002CD2A3 /* A1ViewController.swift in Sources */,
				9DD3AC61217BCD5600D82C13 /* FavTableViewCell.swift in Sources */,
				9DD3AC5D217BCD3900D82C13 /* LibViewController.swift in Sources */,
				9D714F1320FFA1A9002CD2A3 /* CViewController.swift in Sources */,
				9D714EDE20FFA0EB002CD2A3 /* SnippetsUITests.swift in Sources */,
				9D714F0A20FFA1A9002CD2A3 /* FeedbackViewController.swift in Sources */,
				9D714F0120FFA1A9002CD2A3 /* ReadTableViewCell.swift in Sources */,
				9D714F2B20FFA1A9002CD2A3 /* BookOverviewViewController.swift in Sources */,
				9D4020742102375E00E90720 /* ExpandedViewController.swift in Sources */,
				9D714F3420FFA1A9002CD2A3 /* BViewController.swift in Sources */,
				9D1B922021D6A33200332A18 /* Settings2ViewController.swift in Sources */,
				9D88EA8221D5B217004CDE4D /* SignInViewController.swift in Sources */,
				9D714F1620FFA1A9002CD2A3 /* CodeViewController.swift in Sources */,
				9D88EA7E21D5B20B004CDE4D /* RegisterViewController.swift in Sources */,
				9D1B922421D7D83500332A18 /* ContacViewController.swift in Sources */,
				9D714F1020FFA1A9002CD2A3 /* BooksCollectionViewCell.swift in Sources */,
				9D714F1F20FFA1A9002CD2A3 /* FavoritesViewController.swift in Sources */,
				9DD3AC5F217BCD5600D82C13 /* FavViewController.swift in Sources */,
				9D714F3720FFA1A9002CD2A3 /* SubsViewController.swift in Sources */,
				9D714F0D20FFA1A9002CD2A3 /* ReaderViewController.swift in Sources */,
				9D714F2220FFA1A9002CD2A3 /* AViewController.swift in Sources */,
			);
			runOnlyForDeploymentPostprocessing = 0;
		};
/* End PBXSourcesBuildPhase section */

/* Begin PBXTargetDependency section */
		9D714ED020FFA0EB002CD2A3 /* PBXTargetDependency */ = {
			isa = PBXTargetDependency;
			target = 9D714EB920FFA0E7002CD2A3 /* Snippets */;
			targetProxy = 9D714ECF20FFA0EB002CD2A3 /* PBXContainerItemProxy */;
		};
		9D714EDB20FFA0EB002CD2A3 /* PBXTargetDependency */ = {
			isa = PBXTargetDependency;
			target = 9D714EB920FFA0E7002CD2A3 /* Snippets */;
			targetProxy = 9D714EDA20FFA0EB002CD2A3 /* PBXContainerItemProxy */;
		};
/* End PBXTargetDependency section */

/* Begin PBXVariantGroup section */
		9D714EC620FFA0EB002CD2A3 /* LaunchScreen.storyboard */ = {
			isa = PBXVariantGroup;
			children = (
				9D714EC720FFA0EB002CD2A3 /* Base */,
			);
			name = LaunchScreen.storyboard;
			sourceTree = "<group>";
		};
/* End PBXVariantGroup section */

/* Begin XCBuildConfiguration section */
		9D714EE020FFA0EB002CD2A3 /* Debug */ = {
			isa = XCBuildConfiguration;
			buildSettings = {
				ALWAYS_SEARCH_USER_PATHS = NO;
				CLANG_ANALYZER_NONNULL = YES;
				CLANG_ANALYZER_NUMBER_OBJECT_CONVERSION = YES_AGGRESSIVE;
				CLANG_CXX_LANGUAGE_STANDARD = "gnu++14";
				CLANG_CXX_LIBRARY = "libc++";
				CLANG_ENABLE_MODULES = YES;
				CLANG_ENABLE_OBJC_ARC = YES;
				CLANG_ENABLE_OBJC_WEAK = YES;
				CLANG_WARN_BLOCK_CAPTURE_AUTORELEASING = YES;
				CLANG_WARN_BOOL_CONVERSION = YES;
				CLANG_WARN_COMMA = YES;
				CLANG_WARN_CONSTANT_CONVERSION = YES;
				CLANG_WARN_DEPRECATED_OBJC_IMPLEMENTATIONS = YES;
				CLANG_WARN_DIRECT_OBJC_ISA_USAGE = YES_ERROR;
				CLANG_WARN_DOCUMENTATION_COMMENTS = YES;
				CLANG_WARN_EMPTY_BODY = YES;
				CLANG_WARN_ENUM_CONVERSION = YES;
				CLANG_WARN_INFINITE_RECURSION = YES;
				CLANG_WARN_INT_CONVERSION = YES;
				CLANG_WARN_NON_LITERAL_NULL_CONVERSION = YES;
				CLANG_WARN_OBJC_IMPLICIT_RETAIN_SELF = YES;
				CLANG_WARN_OBJC_LITERAL_CONVERSION = YES;
				CLANG_WARN_OBJC_ROOT_CLASS = YES_ERROR;
				CLANG_WARN_RANGE_LOOP_ANALYSIS = YES;
				CLANG_WARN_STRICT_PROTOTYPES = YES;
				CLANG_WARN_SUSPICIOUS_MOVE = YES;
				CLANG_WARN_UNGUARDED_AVAILABILITY = YES_AGGRESSIVE;
				CLANG_WARN_UNREACHABLE_CODE = YES;
				CLANG_WARN__DUPLICATE_METHOD_MATCH = YES;
				CODE_SIGN_IDENTITY = "iPhone Developer";
				COPY_PHASE_STRIP = NO;
				DEBUG_INFORMATION_FORMAT = dwarf;
				ENABLE_STRICT_OBJC_MSGSEND = YES;
				ENABLE_TESTABILITY = YES;
				GCC_C_LANGUAGE_STANDARD = gnu11;
				GCC_DYNAMIC_NO_PIC = NO;
				GCC_NO_COMMON_BLOCKS = YES;
				GCC_OPTIMIZATION_LEVEL = 0;
				GCC_PREPROCESSOR_DEFINITIONS = (
					"DEBUG=1",
					"$(inherited)",
				);
				GCC_WARN_64_TO_32_BIT_CONVERSION = YES;
				GCC_WARN_ABOUT_RETURN_TYPE = YES_ERROR;
				GCC_WARN_UNDECLARED_SELECTOR = YES;
				GCC_WARN_UNINITIALIZED_AUTOS = YES_AGGRESSIVE;
				GCC_WARN_UNUSED_FUNCTION = YES;
				GCC_WARN_UNUSED_VARIABLE = YES;
				IPHONEOS_DEPLOYMENT_TARGET = 11.4;
				MTL_ENABLE_DEBUG_INFO = YES;
				ONLY_ACTIVE_ARCH = YES;
				SDKROOT = iphoneos;
				SWIFT_ACTIVE_COMPILATION_CONDITIONS = DEBUG;
				SWIFT_OPTIMIZATION_LEVEL = "-Onone";
			};
			name = Debug;
		};
		9D714EE120FFA0EB002CD2A3 /* Release */ = {
			isa = XCBuildConfiguration;
			buildSettings = {
				ALWAYS_SEARCH_USER_PATHS = NO;
				CLANG_ANALYZER_NONNULL = YES;
				CLANG_ANALYZER_NUMBER_OBJECT_CONVERSION = YES_AGGRESSIVE;
				CLANG_CXX_LANGUAGE_STANDARD = "gnu++14";
				CLANG_CXX_LIBRARY = "libc++";
				CLANG_ENABLE_MODULES = YES;
				CLANG_ENABLE_OBJC_ARC = YES;
				CLANG_ENABLE_OBJC_WEAK = YES;
				CLANG_WARN_BLOCK_CAPTURE_AUTORELEASING = YES;
				CLANG_WARN_BOOL_CONVERSION = YES;
				CLANG_WARN_COMMA = YES;
				CLANG_WARN_CONSTANT_CONVERSION = YES;
				CLANG_WARN_DEPRECATED_OBJC_IMPLEMENTATIONS = YES;
				CLANG_WARN_DIRECT_OBJC_ISA_USAGE = YES_ERROR;
				CLANG_WARN_DOCUMENTATION_COMMENTS = YES;
				CLANG_WARN_EMPTY_BODY = YES;
				CLANG_WARN_ENUM_CONVERSION = YES;
				CLANG_WARN_INFINITE_RECURSION = YES;
				CLANG_WARN_INT_CONVERSION = YES;
				CLANG_WARN_NON_LITERAL_NULL_CONVERSION = YES;
				CLANG_WARN_OBJC_IMPLICIT_RETAIN_SELF = YES;
				CLANG_WARN_OBJC_LITERAL_CONVERSION = YES;
				CLANG_WARN_OBJC_ROOT_CLASS = YES_ERROR;
				CLANG_WARN_RANGE_LOOP_ANALYSIS = YES;
				CLANG_WARN_STRICT_PROTOTYPES = YES;
				CLANG_WARN_SUSPICIOUS_MOVE = YES;
				CLANG_WARN_UNGUARDED_AVAILABILITY = YES_AGGRESSIVE;
				CLANG_WARN_UNREACHABLE_CODE = YES;
				CLANG_WARN__DUPLICATE_METHOD_MATCH = YES;
				CODE_SIGN_IDENTITY = "iPhone Developer";
				COPY_PHASE_STRIP = NO;
				DEBUG_INFORMATION_FORMAT = "dwarf-with-dsym";
				ENABLE_NS_ASSERTIONS = NO;
				ENABLE_STRICT_OBJC_MSGSEND = YES;
				GCC_C_LANGUAGE_STANDARD = gnu11;
				GCC_NO_COMMON_BLOCKS = YES;
				GCC_WARN_64_TO_32_BIT_CONVERSION = YES;
				GCC_WARN_ABOUT_RETURN_TYPE = YES_ERROR;
				GCC_WARN_UNDECLARED_SELECTOR = YES;
				GCC_WARN_UNINITIALIZED_AUTOS = YES_AGGRESSIVE;
				GCC_WARN_UNUSED_FUNCTION = YES;
				GCC_WARN_UNUSED_VARIABLE = YES;
				IPHONEOS_DEPLOYMENT_TARGET = 11.4;
				MTL_ENABLE_DEBUG_INFO = NO;
				SDKROOT = iphoneos;
				SWIFT_COMPILATION_MODE = wholemodule;
				SWIFT_OPTIMIZATION_LEVEL = "-O";
				VALIDATE_PRODUCT = YES;
			};
			name = Release;
		};
		9D714EE320FFA0EC002CD2A3 /* Debug */ = {
			isa = XCBuildConfiguration;
			baseConfigurationReference = 3EC0ED10C94DCEF6F5337251 /* Pods-Snippets.debug.xcconfig */;
			buildSettings = {
				ASSETCATALOG_COMPILER_APPICON_NAME = "AppIcon-9";
				CODE_SIGN_STYLE = Automatic;
				DEVELOPMENT_TEAM = 797Q3HJ5U5;
				ENABLE_BITCODE = NO;
				INFOPLIST_FILE = Snippets/Info.plist;
				IPHONEOS_DEPLOYMENT_TARGET = 11.0;
				LD_RUNPATH_SEARCH_PATHS = (
					"$(inherited)",
					"@executable_path/Frameworks",
				);
				PRODUCT_BUNDLE_IDENTIFIER = QuotableApplication;
				PRODUCT_NAME = "$(TARGET_NAME)";
				SWIFT_VERSION = 4.0;
				TARGETED_DEVICE_FAMILY = "1,2";
			};
			name = Debug;
		};
		9D714EE420FFA0EC002CD2A3 /* Release */ = {
			isa = XCBuildConfiguration;
			baseConfigurationReference = F4ED7EBDC46DD0480DD87253 /* Pods-Snippets.release.xcconfig */;
			buildSettings = {
				ASSETCATALOG_COMPILER_APPICON_NAME = "AppIcon-9";
				CODE_SIGN_STYLE = Automatic;
				DEVELOPMENT_TEAM = 797Q3HJ5U5;
				ENABLE_BITCODE = NO;
				INFOPLIST_FILE = Snippets/Info.plist;
				IPHONEOS_DEPLOYMENT_TARGET = 11.0;
				LD_RUNPATH_SEARCH_PATHS = (
					"$(inherited)",
					"@executable_path/Frameworks",
				);
				ONLY_ACTIVE_ARCH = NO;
				PRODUCT_BUNDLE_IDENTIFIER = QuotableApplication;
				PRODUCT_NAME = "$(TARGET_NAME)";
				SWIFT_VERSION = 4.0;
				TARGETED_DEVICE_FAMILY = "1,2";
			};
			name = Release;
		};
		9D714EE620FFA0EC002CD2A3 /* Debug */ = {
			isa = XCBuildConfiguration;
			baseConfigurationReference = 7A42BC6B365D009C7E233046 /* Pods-SnippetsTests.debug.xcconfig */;
			buildSettings = {
				ALWAYS_EMBED_SWIFT_STANDARD_LIBRARIES = YES;
				BUNDLE_LOADER = "$(TEST_HOST)";
				CODE_SIGN_STYLE = Automatic;
				DEVELOPMENT_TEAM = 797Q3HJ5U5;
				INFOPLIST_FILE = SnippetsTests/Info.plist;
				LD_RUNPATH_SEARCH_PATHS = (
					"$(inherited)",
					"@executable_path/Frameworks",
					"@loader_path/Frameworks",
				);
				PRODUCT_BUNDLE_IDENTIFIER = com.aatech.SnippetsTests;
				PRODUCT_NAME = "$(TARGET_NAME)";
				SWIFT_VERSION = 4.0;
				TARGETED_DEVICE_FAMILY = "1,2";
				TEST_HOST = "$(BUILT_PRODUCTS_DIR)/Snippets.app/Snippets";
			};
			name = Debug;
		};
		9D714EE720FFA0EC002CD2A3 /* Release */ = {
			isa = XCBuildConfiguration;
			baseConfigurationReference = 18D5C129020383D781359811 /* Pods-SnippetsTests.release.xcconfig */;
			buildSettings = {
				ALWAYS_EMBED_SWIFT_STANDARD_LIBRARIES = YES;
				BUNDLE_LOADER = "$(TEST_HOST)";
				CODE_SIGN_STYLE = Automatic;
				DEVELOPMENT_TEAM = 797Q3HJ5U5;
				INFOPLIST_FILE = SnippetsTests/Info.plist;
				LD_RUNPATH_SEARCH_PATHS = (
					"$(inherited)",
					"@executable_path/Frameworks",
					"@loader_path/Frameworks",
				);
				PRODUCT_BUNDLE_IDENTIFIER = com.aatech.SnippetsTests;
				PRODUCT_NAME = "$(TARGET_NAME)";
				SWIFT_VERSION = 4.0;
				TARGETED_DEVICE_FAMILY = "1,2";
				TEST_HOST = "$(BUILT_PRODUCTS_DIR)/Snippets.app/Snippets";
			};
			name = Release;
		};
		9D714EE920FFA0EC002CD2A3 /* Debug */ = {
			isa = XCBuildConfiguration;
			baseConfigurationReference = B5E553AC67A2A110DC066FE7 /* Pods-SnippetsUITests.debug.xcconfig */;
			buildSettings = {
				ALWAYS_EMBED_SWIFT_STANDARD_LIBRARIES = YES;
				CODE_SIGN_STYLE = Automatic;
				DEVELOPMENT_TEAM = 797Q3HJ5U5;
				INFOPLIST_FILE = SnippetsUITests/Info.plist;
				LD_RUNPATH_SEARCH_PATHS = (
					"$(inherited)",
					"@executable_path/Frameworks",
					"@loader_path/Frameworks",
				);
				PRODUCT_BUNDLE_IDENTIFIER = com.aatech.SnippetsUITests;
				PRODUCT_NAME = "$(TARGET_NAME)";
				SWIFT_VERSION = 4.0;
				TARGETED_DEVICE_FAMILY = "1,2";
				TEST_TARGET_NAME = Snippets;
			};
			name = Debug;
		};
		9D714EEA20FFA0EC002CD2A3 /* Release */ = {
			isa = XCBuildConfiguration;
			baseConfigurationReference = 5B29037367A81C6A6156FE25 /* Pods-SnippetsUITests.release.xcconfig */;
			buildSettings = {
				ALWAYS_EMBED_SWIFT_STANDARD_LIBRARIES = YES;
				CODE_SIGN_STYLE = Automatic;
				DEVELOPMENT_TEAM = 797Q3HJ5U5;
				INFOPLIST_FILE = SnippetsUITests/Info.plist;
				LD_RUNPATH_SEARCH_PATHS = (
					"$(inherited)",
					"@executable_path/Frameworks",
					"@loader_path/Frameworks",
				);
				PRODUCT_BUNDLE_IDENTIFIER = com.aatech.SnippetsUITests;
				PRODUCT_NAME = "$(TARGET_NAME)";
				SWIFT_VERSION = 4.0;
				TARGETED_DEVICE_FAMILY = "1,2";
				TEST_TARGET_NAME = Snippets;
			};
			name = Release;
		};
/* End XCBuildConfiguration section */

/* Begin XCConfigurationList section */
		9D714EB520FFA0E7002CD2A3 /* Build configuration list for PBXProject "Snippets" */ = {
			isa = XCConfigurationList;
			buildConfigurations = (
				9D714EE020FFA0EB002CD2A3 /* Debug */,
				9D714EE120FFA0EB002CD2A3 /* Release */,
			);
			defaultConfigurationIsVisible = 0;
			defaultConfigurationName = Release;
		};
		9D714EE220FFA0EC002CD2A3 /* Build configuration list for PBXNativeTarget "Snippets" */ = {
			isa = XCConfigurationList;
			buildConfigurations = (
				9D714EE320FFA0EC002CD2A3 /* Debug */,
				9D714EE420FFA0EC002CD2A3 /* Release */,
			);
			defaultConfigurationIsVisible = 0;
			defaultConfigurationName = Release;
		};
		9D714EE520FFA0EC002CD2A3 /* Build configuration list for PBXNativeTarget "SnippetsTests" */ = {
			isa = XCConfigurationList;
			buildConfigurations = (
				9D714EE620FFA0EC002CD2A3 /* Debug */,
				9D714EE720FFA0EC002CD2A3 /* Release */,
			);
			defaultConfigurationIsVisible = 0;
			defaultConfigurationName = Release;
		};
		9D714EE820FFA0EC002CD2A3 /* Build configuration list for PBXNativeTarget "SnippetsUITests" */ = {
			isa = XCConfigurationList;
			buildConfigurations = (
				9D714EE920FFA0EC002CD2A3 /* Debug */,
				9D714EEA20FFA0EC002CD2A3 /* Release */,
			);
			defaultConfigurationIsVisible = 0;
			defaultConfigurationName = Release;
		};
/* End XCConfigurationList section */
	};
	rootObject = 9D714EB220FFA0E7002CD2A3 /* Project object */;
}
